
Microsoft Visual Studio Solution File, Format Version 12.00
# Visual Studio 14
VisualStudioVersion = 14.0.25420.1
MinimumVisualStudioVersion = 10.0.40219.1
Project("{8BC9CEB8-8B4A-11D0-8D11-00A0C91BC942}") = "Others_Disjoint-Set", "Disjoint-Set\Disjoint-Set.vcxproj", "{61F27DAA-3200-4A86-A32D-87F9C4AF7415}"
EndProject
Project("{8BC9CEB8-8B4A-11D0-8D11-00A0C91BC942}") = "Codefoces_A.Watermelon", "Codefoces_A.Watermelon\Codefoces_A.Watermelon.vcxproj", "{32F28224-B16F-489D-8FEB-D2D09C77608F}"
EndProject
Project("{8BC9CEB8-8B4A-11D0-8D11-00A0C91BC942}") = "Codefoces_A.Theatre-Square", "Codefoces_A.Theatre-Square\Codefoces_A.Theatre-Square.vcxproj", "{6AB009B0-E4CB-44F7-B3AE-0605140F3A6C}"
EndProject
Project("{8BC9CEB8-8B4A-11D0-8D11-00A0C91BC942}") = "UVa_100_The-3N+1-Problem", "UVa_100_The-3N+1-Problem\UVa_100_The-3N+1-Problem.vcxproj", "{DB610859-650D-4D19-B9BF-CE9266C53EF1}"
EndProject
Project("{8BC9CEB8-8B4A-11D0-8D11-00A0C91BC942}") = "UVa_10189_Minesweeper", "UVa_10189_Minesweeper\UVa_10189_Minesweeper.vcxproj", "{FE7DA28C-EA97-49A6-BA46-DAE62AE041D1}"
EndProject
Project("{8BC9CEB8-8B4A-11D0-8D11-00A0C91BC942}") = "UVa_10137_The-Trip", "UVa_10137_The-Trip\UVa_10137_The-Trip.vcxproj", "{563A3B47-A093-4DCD-9A43-F96FBC508176}"
EndProject
Project("{8BC9CEB8-8B4A-11D0-8D11-00A0C91BC942}") = "UVa_706_LCD-Display", "UVa_706_LCD-Display\UVa_706_LCD-Display.vcxproj", "{D320E2A0-3801-4ECB-BB43-68A853A1E213}"
EndProject
Project("{8BC9CEB8-8B4A-11D0-8D11-00A0C91BC942}") = "UVa_10267_Graphical-Editor", "UVa_10267_Graphical-Editor\UVa_10267_Graphical-Editor.vcxproj", "{76CA75DA-0E31-42CB-BFC5-F8F8FFD683B9}"
EndProject
Project("{8BC9CEB8-8B4A-11D0-8D11-00A0C91BC942}") = "UVa_10911_Forming-Quiz-Teams", "UVa_10911_Forming-Quiz-Teams\UVa_10911_Forming-Quiz-Teams.vcxproj", "{040A7825-3E4B-4A2C-A98C-E09A5A026B8E}"
EndProject
Project("{8BC9CEB8-8B4A-11D0-8D11-00A0C91BC942}") = "UVa_272_TEX_Quotes", "UVa_272_TEX_Quotes\UVa_272_TEX_Quotes.vcxproj", "{CBF18A2A-17C3-4CB2-A448-B04CCC4921C8}"
EndProject
Project("{8BC9CEB8-8B4A-11D0-8D11-00A0C91BC942}") = "UVa_1124_Celebrity-jeopardy", "UVa_1124_Celebrity-jeopardy\UVa_1124_Celebrity-jeopardy.vcxproj", "{A503896C-2318-4311-9938-284605A79AAD}"
EndProject
Project("{8BC9CEB8-8B4A-11D0-8D11-00A0C91BC942}") = "UVa_10550_Combination-Lock", "UVa_10550_Combination-Lock\UVa_10550_Combination-Lock.vcxproj", "{132D74FD-9817-4C6B-B947-A7C7F87A7663}"
EndProject
Project("{8BC9CEB8-8B4A-11D0-8D11-00A0C91BC942}") = "UVa_11044_Searching-for-Nessy", "UVa_11044_Searching-for-Nessy\UVa_11044_Searching-for-Nessy.vcxproj", "{CD7ADF20-6DF9-436D-BCBC-2CA4A4E919C5}"
EndProject
Project("{8BC9CEB8-8B4A-11D0-8D11-00A0C91BC942}") = "UVa_11172_Relational-Operator", "UVa_11172_Relational-Operator\UVa_11172_Relational-Operator.vcxproj", "{A8D3349F-5984-4A82-9A84-EB4B513A8D51}"
EndProject
Project("{8BC9CEB8-8B4A-11D0-8D11-00A0C91BC942}") = "UVa_11364_Parking", "UVa_11364_Parking\UVa_11364_Parking.vcxproj", "{85270EB8-4AB9-4FD6-8952-4054933B271D}"
EndProject
Project("{8BC9CEB8-8B4A-11D0-8D11-00A0C91BC942}") = "UVa_11498_Devision-of-NLogonia", "UVa_11498_Devision-of-NLogonia\UVa_11498_Devision-of-NLogonia.vcxproj", "{91A83D28-609A-44ED-AA1A-4EDC109AC93F}"
EndProject
Project("{8BC9CEB8-8B4A-11D0-8D11-00A0C91BC942}") = "UVa_11547_Automatic-Answer", "UVa_11547_Automatic-Answer\UVa_11547_Automatic-Answer.vcxproj", "{E382E960-8EA5-416F-8FD1-4B3917BF495D}"
EndProject
Project("{8BC9CEB8-8B4A-11D0-8D11-00A0C91BC942}") = "UVa_11727_Cost-Cutting", "UVa_11727_Cost-Cutting\UVa_11727_Cost-Cutting.vcxproj", "{DB78D6A1-D9D4-434C-9055-2167C0DA06EB}"
EndProject
Project("{8BC9CEB8-8B4A-11D0-8D11-00A0C91BC942}") = "UVa_12250_Language-Detection", "UVa_12250_Language-Detection\UVa_12250_Language-Detection.vcxproj", "{BC9C23C8-C03B-4874-B037-6A73B6EFB251}"
EndProject
Project("{8BC9CEB8-8B4A-11D0-8D11-00A0C91BC942}") = "UVa_12279_Emoogle-Balance", "UVa_12279_Emoogle-Balance\UVa_12279_Emoogle-Balance.vcxproj", "{329436E3-BAC3-4376-AA98-00590C8ED5B4}"
EndProject
Project("{8BC9CEB8-8B4A-11D0-8D11-00A0C91BC942}") = "UVa_12289_One-Two-Three", "UVa_12289_One-Two-Three\UVa_12289_One-Two-Three.vcxproj", "{86D71048-0CDD-4557-ACFB-61174A2257A6}"
EndProject
Project("{8BC9CEB8-8B4A-11D0-8D11-00A0C91BC942}") = "UVa_12372_Packing-fo-Holiday", "UVa_12372_Packing-fo-Holiday\UVa_12372_Packing-fo-Holiday.vcxproj", "{8C1A1693-F9F0-42D9-8A55-CD745DD9DC4E}"
EndProject
Project("{8BC9CEB8-8B4A-11D0-8D11-00A0C91BC942}") = "UVa_12403_Save-Setu", "UVa_12403_Save-Setu\UVa_12403_Save-Setu.vcxproj", "{4F4B3930-6674-4668-B04D-C2C7E8A5A014}"
EndProject
Project("{8BC9CEB8-8B4A-11D0-8D11-00A0C91BC942}") = "UVa_12577_Hajj-e-Akbar", "UVa_12577_Hajj-e-Akbar\UVa_12577_Hajj-e-Akbar.vcxproj", "{7A1E468F-BDA8-4D2D-9B28-ACA72CFFC3A8}"
EndProject
Project("{8BC9CEB8-8B4A-11D0-8D11-00A0C91BC942}") = "UVa_00621_Secret-Research", "UVa_00621_Secret-Research\UVa_00621_Secret-Research.vcxproj", "{6ED81BE5-1A3F-46D9-87D3-217FD38C679B}"
EndProject
Project("{8BC9CEB8-8B4A-11D0-8D11-00A0C91BC942}") = "UVa_10114_Loansome-Car-Buyer", "UVa_10114_Loansome-Car-Buyer\UVa_10114_Loansome-Car-Buyer.vcxproj", "{EE3BED01-C479-4B8B-BE18-B176A44EC81D}"
EndProject
Project("{8BC9CEB8-8B4A-11D0-8D11-00A0C91BC942}") = "UVa_10300_Ecological-Premium", "UVa_10300_Ecological-Premium\UVa_10300_Ecological-Premium.vcxproj", "{AD95F98A-5B51-4E8B-829C-6ECF437ACAAE}"
EndProject
Project("{8BC9CEB8-8B4A-11D0-8D11-00A0C91BC942}") = "UVa_10963_The-Swallowing-Ground", "UVa_10963_The-Swallowing-Ground\UVa_10963_The-Swallowing-Ground.vcxproj", "{F6D21F7F-4173-48DB-B3EF-B285616C5CE8}"
EndProject
Project("{8BC9CEB8-8B4A-11D0-8D11-00A0C91BC942}") = "UVa_11332_Summing-Digits", "UVa_11332_Summing-Digits\UVa_11332_Summing-Digits.vcxproj", "{F78CE221-6AE1-4B53-A972-B97345AD7951}"
EndProject
Project("{8BC9CEB8-8B4A-11D0-8D11-00A0C91BC942}") = "UVa_11559_Event-Planning", "UVa_11559_Event-Planning\UVa_11559_Event-Planning.vcxproj", "{4121912C-A692-4C43-9630-BD747053E7A5}"
EndProject
Project("{8BC9CEB8-8B4A-11D0-8D11-00A0C91BC942}") = "UVa_11679_Sub-prime", "UVa_11679_Sub-prime\UVa_11679_Sub-prime.vcxproj", "{FAE164F3-8982-4D76-A130-01BF155AA102}"
EndProject
Project("{8BC9CEB8-8B4A-11D0-8D11-00A0C91BC942}") = "UVa_11764_Jumping-Mario", "UVa_11764_Jumping-Mario\UVa_11764_Jumping-Mario.vcxproj", "{A563E6A8-3E89-4114-AAE7-06F123D2C40D}"
EndProject
Project("{8BC9CEB8-8B4A-11D0-8D11-00A0C91BC942}") = "UVa_11799_Horror-Dash", "UVa_11799_Horror-Dash\UVa_11799_Horror-Dash.vcxproj", "{8F24B181-01D1-4309-BED8-7EE6CFEA77B1}"
EndProject
Project("{8BC9CEB8-8B4A-11D0-8D11-00A0C91BC942}") = "UVa_11942_Lumberjack-Sequencing", "UVa_11942_Lumberjack-Sequencing\UVa_11942_Lumberjack-Sequencing.vcxproj", "{4AE6A9C7-29D3-4693-BE33-C51B8E6AE429}"
EndProject
Project("{8BC9CEB8-8B4A-11D0-8D11-00A0C91BC942}") = "UVa_12015_Google-is-Feeling-Lucky", "UVa_12015_Google-is-Feeling-Lucky\UVa_12015_Google-is-Feeling-Lucky.vcxproj", "{44C98CD1-696A-4193-9CA3-5194804A8251}"
EndProject
Project("{8BC9CEB8-8B4A-11D0-8D11-00A0C91BC942}") = "UVa_12468_Zapping", "UVa_12468_Zapping\UVa_12468_Zapping.vcxproj", "{D356D34F-CB2A-4FD3-9FC1-07EDA9F9D7B2}"
EndProject
Project("{8BC9CEB8-8B4A-11D0-8D11-00A0C91BC942}") = "UVa_12503_Robot-Instructions", "UVa_12503_Robot-Instructions\UVa_12503_Robot-Instructions.vcxproj", "{61BE4E61-5B43-4A3A-A793-0F107F6C1130}"
EndProject
Project("{8BC9CEB8-8B4A-11D0-8D11-00A0C91BC942}") = "UVa_12554_A-Special-Song", "UVa_12554_A-Special-Song\UVa_12554_A-Special-Song.vcxproj", "{C0AF6486-483A-4586-B1EF-71C517B44680}"
EndProject
Project("{8BC9CEB8-8B4A-11D0-8D11-00A0C91BC942}") = "UVa_00573_The-Snai", "UVa_00573_The-Snai\UVa_00573_The-Snai.vcxproj", "{435B76AB-4E55-45C6-8FF0-CFD247686480}"
EndProject
Project("{8BC9CEB8-8B4A-11D0-8D11-00A0C91BC942}") = "UVa_10141_Request-for-Proposal", "UVa_10141_Request-for-Proposal\UVa_10141_Request-for-Proposal.vcxproj", "{62F70E4D-CFD8-4004-BB65-05796414B09E}"
EndProject
Project("{8BC9CEB8-8B4A-11D0-8D11-00A0C91BC942}") = "UVa_11507_Bender-B.Rodriguez-Problem", "UVa_11507_Bender-B.Rodriguez-Problem\UVa_11507_Bender-B.Rodriguez-Problem.vcxproj", "{8E1EB661-8DC1-4737-8215-6AF435CCAB46}"
EndProject
Project("{8BC9CEB8-8B4A-11D0-8D11-00A0C91BC942}") = "UVa_00119_Greedy-Gift-Givers", "UVa_00119_Greedy-Gift-Givers\UVa_00119_Greedy-Gift-Givers.vcxproj", "{03F54F42-4EB1-4EB7-8077-703949B01CC9}"
EndProject
Project("{8BC9CEB8-8B4A-11D0-8D11-00A0C91BC942}") = "UVa_00661_Blowing-Fuses", "UVa_00661_Blowing-Fuses\UVa_00661_Blowing-Fuses.vcxproj", "{1BD49C2C-B1BA-4ECB-83A0-B7162C5FAE57}"
EndProject
Project("{8BC9CEB8-8B4A-11D0-8D11-00A0C91BC942}") = "UVa_10324_Zeros-and-Ones", "UVa_10324_Zeros-and-Ones\UVa_10324_Zeros-and-Ones.vcxproj", "{12CB3FA1-2F49-44FC-A3E4-284F7B69D3F8}"
EndProject
Project("{8BC9CEB8-8B4A-11D0-8D11-00A0C91BC942}") = "UVa_10424_Love-Calculator", "UVa_10424_Love-Calculator\UVa_10424_Love-Calculator.vcxproj", "{CB226FE3-AA24-4D46-8F84-9944BF783F4E}"
EndProject
Project("{8BC9CEB8-8B4A-11D0-8D11-00A0C91BC942}") = "UVa_10919_Prerequisites", "UVa_10919_Prerequisites\UVa_10919_Prerequisites.vcxproj", "{46DBB560-37B8-4968-AF3F-28C98881D8E2}"
EndProject
Project("{8BC9CEB8-8B4A-11D0-8D11-00A0C91BC942}") = "UVa_11586_Train-Tracks", "UVa_11586_Train-Tracks\UVa_11586_Train-Tracks.vcxproj", "{DA5D1456-BCB1-4875-B23D-55E7B8936779}"
EndProject
Project("{8BC9CEB8-8B4A-11D0-8D11-00A0C91BC942}") = "UVa_11661_Burger-Time", "UVa_11661_Burger-Time\UVa_11661_Burger-Time.vcxproj", "{2E50065C-F10E-435F-8647-8DCF872B9E0D}"
EndProject
Project("{8BC9CEB8-8B4A-11D0-8D11-00A0C91BC942}") = "UVa_11683_Laser-Sculpture", "UVa_11683_Laser-Sculpture\UVa_11683_Laser-Sculpture.vcxproj", "{C327690E-A37F-4342-9B33-7C4131D9183E}"
EndProject
Project("{8BC9CEB8-8B4A-11D0-8D11-00A0C91BC942}") = "UVa_11687_Digits", "UVa_11687_Digits\UVa_11687_Digits.vcxproj", "{3622FB95-FFEC-474F-81B5-21E5C2E5EDAD}"
EndProject
Project("{8BC9CEB8-8B4A-11D0-8D11-00A0C91BC942}") = "UVa_11956_BrainFuck", "UVa_11956_BrainFuck\UVa_11956_BrainFuck.vcxproj", "{0F52D1A1-60D1-4644-A352-913367A593C8}"
EndProject
Project("{8BC9CEB8-8B4A-11D0-8D11-00A0C91BC942}") = "UVa_12478_Hardest-Problem", "UVa_12478_Hardest-Problem\UVa_12478_Hardest-Problem.vcxproj", "{F736F056-6355-4F3F-8B4C-4440A63BE131}"
EndProject
Project("{8BC9CEB8-8B4A-11D0-8D11-00A0C91BC942}") = "UVa_00462_Bridge-Hand-Evaluator", "UVa_00462_Bridge-Hand-Evaluator\UVa_00462_Bridge-Hand-Evaluator.vcxproj", "{5C85B945-23BC-4FCC-88EB-92040C4FA1E2}"
EndProject
Project("{8BC9CEB8-8B4A-11D0-8D11-00A0C91BC942}") = "UVa_10646_What-is-the-Card", "UVa_10646_What-is-the-Card\UVa_10646_What-is-the-Card.vcxproj", "{82C30DC5-3CA5-4632-91D7-44598C95B905}"
EndProject
Project("{8BC9CEB8-8B4A-11D0-8D11-00A0C91BC942}") = "UVa_12247_Jollo", "UVa_12247_Jollo\UVa_12247_Jollo.vcxproj", "{9ED19789-BC18-4C26-870E-A37DBC4A6437}"
EndProject
Project("{8BC9CEB8-8B4A-11D0-8D11-00A0C91BC942}") = "UVa_00278_Chess", "UVa_00278_Chess\UVa_00278_Chess.vcxproj", "{E7A43A7B-6813-4FCE-8B64-CD16D9526AC7}"
EndProject
Project("{8BC9CEB8-8B4A-11D0-8D11-00A0C91BC942}") = "UVa_00696_How-Many-Knights", "UVa_00696_How-Many-Knights\UVa_00696_How-Many-Knights.vcxproj", "{E73513B5-1521-48D5-A2F8-5C71265BEAB8}"
EndProject
Project("{8BC9CEB8-8B4A-11D0-8D11-00A0C91BC942}") = "UVa_10284_Chessboard-in-FEN", "UVa_10284_Chessboard-in-FEN\UVa_10284_Chessboard-in-FEN.vcxproj", "{C4A9B107-7D98-4755-996F-136D0D644803}"
EndProject
Project("{8BC9CEB8-8B4A-11D0-8D11-00A0C91BC942}") = "UVa_00489_Hangman-Judge", "UVa_00489_Hangman-Judge\UVa_00489_Hangman-Judge.vcxproj", "{5E20DC1C-D68D-4B95-9278-858EA74DAFAA}"
EndProject
Global
	GlobalSection(SolutionConfigurationPlatforms) = preSolution
		Debug|x64 = Debug|x64
		Debug|x86 = Debug|x86
		Release|x64 = Release|x64
		Release|x86 = Release|x86
	EndGlobalSection
	GlobalSection(ProjectConfigurationPlatforms) = postSolution
		{61F27DAA-3200-4A86-A32D-87F9C4AF7415}.Debug|x64.ActiveCfg = Debug|x64
		{61F27DAA-3200-4A86-A32D-87F9C4AF7415}.Debug|x64.Build.0 = Debug|x64
		{61F27DAA-3200-4A86-A32D-87F9C4AF7415}.Debug|x86.ActiveCfg = Debug|Win32
		{61F27DAA-3200-4A86-A32D-87F9C4AF7415}.Debug|x86.Build.0 = Debug|Win32
		{61F27DAA-3200-4A86-A32D-87F9C4AF7415}.Release|x64.ActiveCfg = Release|x64
		{61F27DAA-3200-4A86-A32D-87F9C4AF7415}.Release|x64.Build.0 = Release|x64
		{61F27DAA-3200-4A86-A32D-87F9C4AF7415}.Release|x86.ActiveCfg = Release|Win32
		{61F27DAA-3200-4A86-A32D-87F9C4AF7415}.Release|x86.Build.0 = Release|Win32
		{32F28224-B16F-489D-8FEB-D2D09C77608F}.Debug|x64.ActiveCfg = Debug|x64
		{32F28224-B16F-489D-8FEB-D2D09C77608F}.Debug|x64.Build.0 = Debug|x64
		{32F28224-B16F-489D-8FEB-D2D09C77608F}.Debug|x86.ActiveCfg = Debug|Win32
		{32F28224-B16F-489D-8FEB-D2D09C77608F}.Debug|x86.Build.0 = Debug|Win32
		{32F28224-B16F-489D-8FEB-D2D09C77608F}.Release|x64.ActiveCfg = Release|x64
		{32F28224-B16F-489D-8FEB-D2D09C77608F}.Release|x64.Build.0 = Release|x64
		{32F28224-B16F-489D-8FEB-D2D09C77608F}.Release|x86.ActiveCfg = Release|Win32
		{32F28224-B16F-489D-8FEB-D2D09C77608F}.Release|x86.Build.0 = Release|Win32
		{6AB009B0-E4CB-44F7-B3AE-0605140F3A6C}.Debug|x64.ActiveCfg = Debug|x64
		{6AB009B0-E4CB-44F7-B3AE-0605140F3A6C}.Debug|x64.Build.0 = Debug|x64
		{6AB009B0-E4CB-44F7-B3AE-0605140F3A6C}.Debug|x86.ActiveCfg = Debug|Win32
		{6AB009B0-E4CB-44F7-B3AE-0605140F3A6C}.Debug|x86.Build.0 = Debug|Win32
		{6AB009B0-E4CB-44F7-B3AE-0605140F3A6C}.Release|x64.ActiveCfg = Release|x64
		{6AB009B0-E4CB-44F7-B3AE-0605140F3A6C}.Release|x64.Build.0 = Release|x64
		{6AB009B0-E4CB-44F7-B3AE-0605140F3A6C}.Release|x86.ActiveCfg = Release|Win32
		{6AB009B0-E4CB-44F7-B3AE-0605140F3A6C}.Release|x86.Build.0 = Release|Win32
		{DB610859-650D-4D19-B9BF-CE9266C53EF1}.Debug|x64.ActiveCfg = Debug|x64
		{DB610859-650D-4D19-B9BF-CE9266C53EF1}.Debug|x64.Build.0 = Debug|x64
		{DB610859-650D-4D19-B9BF-CE9266C53EF1}.Debug|x86.ActiveCfg = Debug|Win32
		{DB610859-650D-4D19-B9BF-CE9266C53EF1}.Debug|x86.Build.0 = Debug|Win32
		{DB610859-650D-4D19-B9BF-CE9266C53EF1}.Release|x64.ActiveCfg = Release|x64
		{DB610859-650D-4D19-B9BF-CE9266C53EF1}.Release|x64.Build.0 = Release|x64
		{DB610859-650D-4D19-B9BF-CE9266C53EF1}.Release|x86.ActiveCfg = Release|Win32
		{DB610859-650D-4D19-B9BF-CE9266C53EF1}.Release|x86.Build.0 = Release|Win32
		{FE7DA28C-EA97-49A6-BA46-DAE62AE041D1}.Debug|x64.ActiveCfg = Debug|x64
		{FE7DA28C-EA97-49A6-BA46-DAE62AE041D1}.Debug|x64.Build.0 = Debug|x64
		{FE7DA28C-EA97-49A6-BA46-DAE62AE041D1}.Debug|x86.ActiveCfg = Debug|Win32
		{FE7DA28C-EA97-49A6-BA46-DAE62AE041D1}.Debug|x86.Build.0 = Debug|Win32
		{FE7DA28C-EA97-49A6-BA46-DAE62AE041D1}.Release|x64.ActiveCfg = Release|x64
		{FE7DA28C-EA97-49A6-BA46-DAE62AE041D1}.Release|x64.Build.0 = Release|x64
		{FE7DA28C-EA97-49A6-BA46-DAE62AE041D1}.Release|x86.ActiveCfg = Release|Win32
		{FE7DA28C-EA97-49A6-BA46-DAE62AE041D1}.Release|x86.Build.0 = Release|Win32
		{563A3B47-A093-4DCD-9A43-F96FBC508176}.Debug|x64.ActiveCfg = Debug|x64
		{563A3B47-A093-4DCD-9A43-F96FBC508176}.Debug|x64.Build.0 = Debug|x64
		{563A3B47-A093-4DCD-9A43-F96FBC508176}.Debug|x86.ActiveCfg = Debug|Win32
		{563A3B47-A093-4DCD-9A43-F96FBC508176}.Debug|x86.Build.0 = Debug|Win32
		{563A3B47-A093-4DCD-9A43-F96FBC508176}.Release|x64.ActiveCfg = Release|x64
		{563A3B47-A093-4DCD-9A43-F96FBC508176}.Release|x64.Build.0 = Release|x64
		{563A3B47-A093-4DCD-9A43-F96FBC508176}.Release|x86.ActiveCfg = Release|Win32
		{563A3B47-A093-4DCD-9A43-F96FBC508176}.Release|x86.Build.0 = Release|Win32
		{D320E2A0-3801-4ECB-BB43-68A853A1E213}.Debug|x64.ActiveCfg = Debug|x64
		{D320E2A0-3801-4ECB-BB43-68A853A1E213}.Debug|x64.Build.0 = Debug|x64
		{D320E2A0-3801-4ECB-BB43-68A853A1E213}.Debug|x86.ActiveCfg = Debug|Win32
		{D320E2A0-3801-4ECB-BB43-68A853A1E213}.Debug|x86.Build.0 = Debug|Win32
		{D320E2A0-3801-4ECB-BB43-68A853A1E213}.Release|x64.ActiveCfg = Release|x64
		{D320E2A0-3801-4ECB-BB43-68A853A1E213}.Release|x64.Build.0 = Release|x64
		{D320E2A0-3801-4ECB-BB43-68A853A1E213}.Release|x86.ActiveCfg = Release|Win32
		{D320E2A0-3801-4ECB-BB43-68A853A1E213}.Release|x86.Build.0 = Release|Win32
		{76CA75DA-0E31-42CB-BFC5-F8F8FFD683B9}.Debug|x64.ActiveCfg = Debug|x64
		{76CA75DA-0E31-42CB-BFC5-F8F8FFD683B9}.Debug|x64.Build.0 = Debug|x64
		{76CA75DA-0E31-42CB-BFC5-F8F8FFD683B9}.Debug|x86.ActiveCfg = Debug|Win32
		{76CA75DA-0E31-42CB-BFC5-F8F8FFD683B9}.Debug|x86.Build.0 = Debug|Win32
		{76CA75DA-0E31-42CB-BFC5-F8F8FFD683B9}.Release|x64.ActiveCfg = Release|x64
		{76CA75DA-0E31-42CB-BFC5-F8F8FFD683B9}.Release|x64.Build.0 = Release|x64
		{76CA75DA-0E31-42CB-BFC5-F8F8FFD683B9}.Release|x86.ActiveCfg = Release|Win32
		{76CA75DA-0E31-42CB-BFC5-F8F8FFD683B9}.Release|x86.Build.0 = Release|Win32
		{040A7825-3E4B-4A2C-A98C-E09A5A026B8E}.Debug|x64.ActiveCfg = Debug|x64
		{040A7825-3E4B-4A2C-A98C-E09A5A026B8E}.Debug|x64.Build.0 = Debug|x64
		{040A7825-3E4B-4A2C-A98C-E09A5A026B8E}.Debug|x86.ActiveCfg = Debug|Win32
		{040A7825-3E4B-4A2C-A98C-E09A5A026B8E}.Debug|x86.Build.0 = Debug|Win32
		{040A7825-3E4B-4A2C-A98C-E09A5A026B8E}.Release|x64.ActiveCfg = Release|x64
		{040A7825-3E4B-4A2C-A98C-E09A5A026B8E}.Release|x64.Build.0 = Release|x64
		{040A7825-3E4B-4A2C-A98C-E09A5A026B8E}.Release|x86.ActiveCfg = Release|Win32
		{040A7825-3E4B-4A2C-A98C-E09A5A026B8E}.Release|x86.Build.0 = Release|Win32
		{CBF18A2A-17C3-4CB2-A448-B04CCC4921C8}.Debug|x64.ActiveCfg = Debug|x64
		{CBF18A2A-17C3-4CB2-A448-B04CCC4921C8}.Debug|x64.Build.0 = Debug|x64
		{CBF18A2A-17C3-4CB2-A448-B04CCC4921C8}.Debug|x86.ActiveCfg = Debug|Win32
		{CBF18A2A-17C3-4CB2-A448-B04CCC4921C8}.Debug|x86.Build.0 = Debug|Win32
		{CBF18A2A-17C3-4CB2-A448-B04CCC4921C8}.Release|x64.ActiveCfg = Release|x64
		{CBF18A2A-17C3-4CB2-A448-B04CCC4921C8}.Release|x64.Build.0 = Release|x64
		{CBF18A2A-17C3-4CB2-A448-B04CCC4921C8}.Release|x86.ActiveCfg = Release|Win32
		{CBF18A2A-17C3-4CB2-A448-B04CCC4921C8}.Release|x86.Build.0 = Release|Win32
		{A503896C-2318-4311-9938-284605A79AAD}.Debug|x64.ActiveCfg = Debug|x64
		{A503896C-2318-4311-9938-284605A79AAD}.Debug|x64.Build.0 = Debug|x64
		{A503896C-2318-4311-9938-284605A79AAD}.Debug|x86.ActiveCfg = Debug|Win32
		{A503896C-2318-4311-9938-284605A79AAD}.Debug|x86.Build.0 = Debug|Win32
		{A503896C-2318-4311-9938-284605A79AAD}.Release|x64.ActiveCfg = Release|x64
		{A503896C-2318-4311-9938-284605A79AAD}.Release|x64.Build.0 = Release|x64
		{A503896C-2318-4311-9938-284605A79AAD}.Release|x86.ActiveCfg = Release|Win32
		{A503896C-2318-4311-9938-284605A79AAD}.Release|x86.Build.0 = Release|Win32
		{132D74FD-9817-4C6B-B947-A7C7F87A7663}.Debug|x64.ActiveCfg = Debug|x64
		{132D74FD-9817-4C6B-B947-A7C7F87A7663}.Debug|x64.Build.0 = Debug|x64
		{132D74FD-9817-4C6B-B947-A7C7F87A7663}.Debug|x86.ActiveCfg = Debug|Win32
		{132D74FD-9817-4C6B-B947-A7C7F87A7663}.Debug|x86.Build.0 = Debug|Win32
		{132D74FD-9817-4C6B-B947-A7C7F87A7663}.Release|x64.ActiveCfg = Release|x64
		{132D74FD-9817-4C6B-B947-A7C7F87A7663}.Release|x64.Build.0 = Release|x64
		{132D74FD-9817-4C6B-B947-A7C7F87A7663}.Release|x86.ActiveCfg = Release|Win32
		{132D74FD-9817-4C6B-B947-A7C7F87A7663}.Release|x86.Build.0 = Release|Win32
		{CD7ADF20-6DF9-436D-BCBC-2CA4A4E919C5}.Debug|x64.ActiveCfg = Debug|x64
		{CD7ADF20-6DF9-436D-BCBC-2CA4A4E919C5}.Debug|x64.Build.0 = Debug|x64
		{CD7ADF20-6DF9-436D-BCBC-2CA4A4E919C5}.Debug|x86.ActiveCfg = Debug|Win32
		{CD7ADF20-6DF9-436D-BCBC-2CA4A4E919C5}.Debug|x86.Build.0 = Debug|Win32
		{CD7ADF20-6DF9-436D-BCBC-2CA4A4E919C5}.Release|x64.ActiveCfg = Release|x64
		{CD7ADF20-6DF9-436D-BCBC-2CA4A4E919C5}.Release|x64.Build.0 = Release|x64
		{CD7ADF20-6DF9-436D-BCBC-2CA4A4E919C5}.Release|x86.ActiveCfg = Release|Win32
		{CD7ADF20-6DF9-436D-BCBC-2CA4A4E919C5}.Release|x86.Build.0 = Release|Win32
		{A8D3349F-5984-4A82-9A84-EB4B513A8D51}.Debug|x64.ActiveCfg = Debug|x64
		{A8D3349F-5984-4A82-9A84-EB4B513A8D51}.Debug|x64.Build.0 = Debug|x64
		{A8D3349F-5984-4A82-9A84-EB4B513A8D51}.Debug|x86.ActiveCfg = Debug|Win32
		{A8D3349F-5984-4A82-9A84-EB4B513A8D51}.Debug|x86.Build.0 = Debug|Win32
		{A8D3349F-5984-4A82-9A84-EB4B513A8D51}.Release|x64.ActiveCfg = Release|x64
		{A8D3349F-5984-4A82-9A84-EB4B513A8D51}.Release|x64.Build.0 = Release|x64
		{A8D3349F-5984-4A82-9A84-EB4B513A8D51}.Release|x86.ActiveCfg = Release|Win32
		{A8D3349F-5984-4A82-9A84-EB4B513A8D51}.Release|x86.Build.0 = Release|Win32
		{85270EB8-4AB9-4FD6-8952-4054933B271D}.Debug|x64.ActiveCfg = Debug|x64
		{85270EB8-4AB9-4FD6-8952-4054933B271D}.Debug|x64.Build.0 = Debug|x64
		{85270EB8-4AB9-4FD6-8952-4054933B271D}.Debug|x86.ActiveCfg = Debug|Win32
		{85270EB8-4AB9-4FD6-8952-4054933B271D}.Debug|x86.Build.0 = Debug|Win32
		{85270EB8-4AB9-4FD6-8952-4054933B271D}.Release|x64.ActiveCfg = Release|x64
		{85270EB8-4AB9-4FD6-8952-4054933B271D}.Release|x64.Build.0 = Release|x64
		{85270EB8-4AB9-4FD6-8952-4054933B271D}.Release|x86.ActiveCfg = Release|Win32
		{85270EB8-4AB9-4FD6-8952-4054933B271D}.Release|x86.Build.0 = Release|Win32
		{91A83D28-609A-44ED-AA1A-4EDC109AC93F}.Debug|x64.ActiveCfg = Debug|x64
		{91A83D28-609A-44ED-AA1A-4EDC109AC93F}.Debug|x64.Build.0 = Debug|x64
		{91A83D28-609A-44ED-AA1A-4EDC109AC93F}.Debug|x86.ActiveCfg = Debug|Win32
		{91A83D28-609A-44ED-AA1A-4EDC109AC93F}.Debug|x86.Build.0 = Debug|Win32
		{91A83D28-609A-44ED-AA1A-4EDC109AC93F}.Release|x64.ActiveCfg = Release|x64
		{91A83D28-609A-44ED-AA1A-4EDC109AC93F}.Release|x64.Build.0 = Release|x64
		{91A83D28-609A-44ED-AA1A-4EDC109AC93F}.Release|x86.ActiveCfg = Release|Win32
		{91A83D28-609A-44ED-AA1A-4EDC109AC93F}.Release|x86.Build.0 = Release|Win32
		{E382E960-8EA5-416F-8FD1-4B3917BF495D}.Debug|x64.ActiveCfg = Debug|x64
		{E382E960-8EA5-416F-8FD1-4B3917BF495D}.Debug|x64.Build.0 = Debug|x64
		{E382E960-8EA5-416F-8FD1-4B3917BF495D}.Debug|x86.ActiveCfg = Debug|Win32
		{E382E960-8EA5-416F-8FD1-4B3917BF495D}.Debug|x86.Build.0 = Debug|Win32
		{E382E960-8EA5-416F-8FD1-4B3917BF495D}.Release|x64.ActiveCfg = Release|x64
		{E382E960-8EA5-416F-8FD1-4B3917BF495D}.Release|x64.Build.0 = Release|x64
		{E382E960-8EA5-416F-8FD1-4B3917BF495D}.Release|x86.ActiveCfg = Release|Win32
		{E382E960-8EA5-416F-8FD1-4B3917BF495D}.Release|x86.Build.0 = Release|Win32
		{DB78D6A1-D9D4-434C-9055-2167C0DA06EB}.Debug|x64.ActiveCfg = Debug|x64
		{DB78D6A1-D9D4-434C-9055-2167C0DA06EB}.Debug|x64.Build.0 = Debug|x64
		{DB78D6A1-D9D4-434C-9055-2167C0DA06EB}.Debug|x86.ActiveCfg = Debug|Win32
		{DB78D6A1-D9D4-434C-9055-2167C0DA06EB}.Debug|x86.Build.0 = Debug|Win32
		{DB78D6A1-D9D4-434C-9055-2167C0DA06EB}.Release|x64.ActiveCfg = Release|x64
		{DB78D6A1-D9D4-434C-9055-2167C0DA06EB}.Release|x64.Build.0 = Release|x64
		{DB78D6A1-D9D4-434C-9055-2167C0DA06EB}.Release|x86.ActiveCfg = Release|Win32
		{DB78D6A1-D9D4-434C-9055-2167C0DA06EB}.Release|x86.Build.0 = Release|Win32
		{BC9C23C8-C03B-4874-B037-6A73B6EFB251}.Debug|x64.ActiveCfg = Debug|x64
		{BC9C23C8-C03B-4874-B037-6A73B6EFB251}.Debug|x64.Build.0 = Debug|x64
		{BC9C23C8-C03B-4874-B037-6A73B6EFB251}.Debug|x86.ActiveCfg = Debug|Win32
		{BC9C23C8-C03B-4874-B037-6A73B6EFB251}.Debug|x86.Build.0 = Debug|Win32
		{BC9C23C8-C03B-4874-B037-6A73B6EFB251}.Release|x64.ActiveCfg = Release|x64
		{BC9C23C8-C03B-4874-B037-6A73B6EFB251}.Release|x64.Build.0 = Release|x64
		{BC9C23C8-C03B-4874-B037-6A73B6EFB251}.Release|x86.ActiveCfg = Release|Win32
		{BC9C23C8-C03B-4874-B037-6A73B6EFB251}.Release|x86.Build.0 = Release|Win32
		{329436E3-BAC3-4376-AA98-00590C8ED5B4}.Debug|x64.ActiveCfg = Debug|x64
		{329436E3-BAC3-4376-AA98-00590C8ED5B4}.Debug|x64.Build.0 = Debug|x64
		{329436E3-BAC3-4376-AA98-00590C8ED5B4}.Debug|x86.ActiveCfg = Debug|Win32
		{329436E3-BAC3-4376-AA98-00590C8ED5B4}.Debug|x86.Build.0 = Debug|Win32
		{329436E3-BAC3-4376-AA98-00590C8ED5B4}.Release|x64.ActiveCfg = Release|x64
		{329436E3-BAC3-4376-AA98-00590C8ED5B4}.Release|x64.Build.0 = Release|x64
		{329436E3-BAC3-4376-AA98-00590C8ED5B4}.Release|x86.ActiveCfg = Release|Win32
		{329436E3-BAC3-4376-AA98-00590C8ED5B4}.Release|x86.Build.0 = Release|Win32
		{86D71048-0CDD-4557-ACFB-61174A2257A6}.Debug|x64.ActiveCfg = Debug|x64
		{86D71048-0CDD-4557-ACFB-61174A2257A6}.Debug|x64.Build.0 = Debug|x64
		{86D71048-0CDD-4557-ACFB-61174A2257A6}.Debug|x86.ActiveCfg = Debug|Win32
		{86D71048-0CDD-4557-ACFB-61174A2257A6}.Debug|x86.Build.0 = Debug|Win32
		{86D71048-0CDD-4557-ACFB-61174A2257A6}.Release|x64.ActiveCfg = Release|x64
		{86D71048-0CDD-4557-ACFB-61174A2257A6}.Release|x64.Build.0 = Release|x64
		{86D71048-0CDD-4557-ACFB-61174A2257A6}.Release|x86.ActiveCfg = Release|Win32
		{86D71048-0CDD-4557-ACFB-61174A2257A6}.Release|x86.Build.0 = Release|Win32
		{8C1A1693-F9F0-42D9-8A55-CD745DD9DC4E}.Debug|x64.ActiveCfg = Debug|x64
		{8C1A1693-F9F0-42D9-8A55-CD745DD9DC4E}.Debug|x64.Build.0 = Debug|x64
		{8C1A1693-F9F0-42D9-8A55-CD745DD9DC4E}.Debug|x86.ActiveCfg = Debug|Win32
		{8C1A1693-F9F0-42D9-8A55-CD745DD9DC4E}.Debug|x86.Build.0 = Debug|Win32
		{8C1A1693-F9F0-42D9-8A55-CD745DD9DC4E}.Release|x64.ActiveCfg = Release|x64
		{8C1A1693-F9F0-42D9-8A55-CD745DD9DC4E}.Release|x64.Build.0 = Release|x64
		{8C1A1693-F9F0-42D9-8A55-CD745DD9DC4E}.Release|x86.ActiveCfg = Release|Win32
		{8C1A1693-F9F0-42D9-8A55-CD745DD9DC4E}.Release|x86.Build.0 = Release|Win32
		{4F4B3930-6674-4668-B04D-C2C7E8A5A014}.Debug|x64.ActiveCfg = Debug|x64
		{4F4B3930-6674-4668-B04D-C2C7E8A5A014}.Debug|x64.Build.0 = Debug|x64
		{4F4B3930-6674-4668-B04D-C2C7E8A5A014}.Debug|x86.ActiveCfg = Debug|Win32
		{4F4B3930-6674-4668-B04D-C2C7E8A5A014}.Debug|x86.Build.0 = Debug|Win32
		{4F4B3930-6674-4668-B04D-C2C7E8A5A014}.Release|x64.ActiveCfg = Release|x64
		{4F4B3930-6674-4668-B04D-C2C7E8A5A014}.Release|x64.Build.0 = Release|x64
		{4F4B3930-6674-4668-B04D-C2C7E8A5A014}.Release|x86.ActiveCfg = Release|Win32
		{4F4B3930-6674-4668-B04D-C2C7E8A5A014}.Release|x86.Build.0 = Release|Win32
		{7A1E468F-BDA8-4D2D-9B28-ACA72CFFC3A8}.Debug|x64.ActiveCfg = Debug|x64
		{7A1E468F-BDA8-4D2D-9B28-ACA72CFFC3A8}.Debug|x64.Build.0 = Debug|x64
		{7A1E468F-BDA8-4D2D-9B28-ACA72CFFC3A8}.Debug|x86.ActiveCfg = Debug|Win32
		{7A1E468F-BDA8-4D2D-9B28-ACA72CFFC3A8}.Debug|x86.Build.0 = Debug|Win32
		{7A1E468F-BDA8-4D2D-9B28-ACA72CFFC3A8}.Release|x64.ActiveCfg = Release|x64
		{7A1E468F-BDA8-4D2D-9B28-ACA72CFFC3A8}.Release|x64.Build.0 = Release|x64
		{7A1E468F-BDA8-4D2D-9B28-ACA72CFFC3A8}.Release|x86.ActiveCfg = Release|Win32
		{7A1E468F-BDA8-4D2D-9B28-ACA72CFFC3A8}.Release|x86.Build.0 = Release|Win32
		{6ED81BE5-1A3F-46D9-87D3-217FD38C679B}.Debug|x64.ActiveCfg = Debug|x64
		{6ED81BE5-1A3F-46D9-87D3-217FD38C679B}.Debug|x64.Build.0 = Debug|x64
		{6ED81BE5-1A3F-46D9-87D3-217FD38C679B}.Debug|x86.ActiveCfg = Debug|Win32
		{6ED81BE5-1A3F-46D9-87D3-217FD38C679B}.Debug|x86.Build.0 = Debug|Win32
		{6ED81BE5-1A3F-46D9-87D3-217FD38C679B}.Release|x64.ActiveCfg = Release|x64
		{6ED81BE5-1A3F-46D9-87D3-217FD38C679B}.Release|x64.Build.0 = Release|x64
		{6ED81BE5-1A3F-46D9-87D3-217FD38C679B}.Release|x86.ActiveCfg = Release|Win32
		{6ED81BE5-1A3F-46D9-87D3-217FD38C679B}.Release|x86.Build.0 = Release|Win32
		{EE3BED01-C479-4B8B-BE18-B176A44EC81D}.Debug|x64.ActiveCfg = Debug|x64
		{EE3BED01-C479-4B8B-BE18-B176A44EC81D}.Debug|x64.Build.0 = Debug|x64
		{EE3BED01-C479-4B8B-BE18-B176A44EC81D}.Debug|x86.ActiveCfg = Debug|Win32
		{EE3BED01-C479-4B8B-BE18-B176A44EC81D}.Debug|x86.Build.0 = Debug|Win32
		{EE3BED01-C479-4B8B-BE18-B176A44EC81D}.Release|x64.ActiveCfg = Release|x64
		{EE3BED01-C479-4B8B-BE18-B176A44EC81D}.Release|x64.Build.0 = Release|x64
		{EE3BED01-C479-4B8B-BE18-B176A44EC81D}.Release|x86.ActiveCfg = Release|Win32
		{EE3BED01-C479-4B8B-BE18-B176A44EC81D}.Release|x86.Build.0 = Release|Win32
		{AD95F98A-5B51-4E8B-829C-6ECF437ACAAE}.Debug|x64.ActiveCfg = Debug|x64
		{AD95F98A-5B51-4E8B-829C-6ECF437ACAAE}.Debug|x64.Build.0 = Debug|x64
		{AD95F98A-5B51-4E8B-829C-6ECF437ACAAE}.Debug|x86.ActiveCfg = Debug|Win32
		{AD95F98A-5B51-4E8B-829C-6ECF437ACAAE}.Debug|x86.Build.0 = Debug|Win32
		{AD95F98A-5B51-4E8B-829C-6ECF437ACAAE}.Release|x64.ActiveCfg = Release|x64
		{AD95F98A-5B51-4E8B-829C-6ECF437ACAAE}.Release|x64.Build.0 = Release|x64
		{AD95F98A-5B51-4E8B-829C-6ECF437ACAAE}.Release|x86.ActiveCfg = Release|Win32
		{AD95F98A-5B51-4E8B-829C-6ECF437ACAAE}.Release|x86.Build.0 = Release|Win32
		{F6D21F7F-4173-48DB-B3EF-B285616C5CE8}.Debug|x64.ActiveCfg = Debug|x64
		{F6D21F7F-4173-48DB-B3EF-B285616C5CE8}.Debug|x64.Build.0 = Debug|x64
		{F6D21F7F-4173-48DB-B3EF-B285616C5CE8}.Debug|x86.ActiveCfg = Debug|Win32
		{F6D21F7F-4173-48DB-B3EF-B285616C5CE8}.Debug|x86.Build.0 = Debug|Win32
		{F6D21F7F-4173-48DB-B3EF-B285616C5CE8}.Release|x64.ActiveCfg = Release|x64
		{F6D21F7F-4173-48DB-B3EF-B285616C5CE8}.Release|x64.Build.0 = Release|x64
		{F6D21F7F-4173-48DB-B3EF-B285616C5CE8}.Release|x86.ActiveCfg = Release|Win32
		{F6D21F7F-4173-48DB-B3EF-B285616C5CE8}.Release|x86.Build.0 = Release|Win32
		{F78CE221-6AE1-4B53-A972-B97345AD7951}.Debug|x64.ActiveCfg = Debug|x64
		{F78CE221-6AE1-4B53-A972-B97345AD7951}.Debug|x64.Build.0 = Debug|x64
		{F78CE221-6AE1-4B53-A972-B97345AD7951}.Debug|x86.ActiveCfg = Debug|Win32
		{F78CE221-6AE1-4B53-A972-B97345AD7951}.Debug|x86.Build.0 = Debug|Win32
		{F78CE221-6AE1-4B53-A972-B97345AD7951}.Release|x64.ActiveCfg = Release|x64
		{F78CE221-6AE1-4B53-A972-B97345AD7951}.Release|x64.Build.0 = Release|x64
		{F78CE221-6AE1-4B53-A972-B97345AD7951}.Release|x86.ActiveCfg = Release|Win32
		{F78CE221-6AE1-4B53-A972-B97345AD7951}.Release|x86.Build.0 = Release|Win32
		{4121912C-A692-4C43-9630-BD747053E7A5}.Debug|x64.ActiveCfg = Debug|x64
		{4121912C-A692-4C43-9630-BD747053E7A5}.Debug|x64.Build.0 = Debug|x64
		{4121912C-A692-4C43-9630-BD747053E7A5}.Debug|x86.ActiveCfg = Debug|Win32
		{4121912C-A692-4C43-9630-BD747053E7A5}.Debug|x86.Build.0 = Debug|Win32
		{4121912C-A692-4C43-9630-BD747053E7A5}.Release|x64.ActiveCfg = Release|x64
		{4121912C-A692-4C43-9630-BD747053E7A5}.Release|x64.Build.0 = Release|x64
		{4121912C-A692-4C43-9630-BD747053E7A5}.Release|x86.ActiveCfg = Release|Win32
		{4121912C-A692-4C43-9630-BD747053E7A5}.Release|x86.Build.0 = Release|Win32
		{FAE164F3-8982-4D76-A130-01BF155AA102}.Debug|x64.ActiveCfg = Debug|x64
		{FAE164F3-8982-4D76-A130-01BF155AA102}.Debug|x64.Build.0 = Debug|x64
		{FAE164F3-8982-4D76-A130-01BF155AA102}.Debug|x86.ActiveCfg = Debug|Win32
		{FAE164F3-8982-4D76-A130-01BF155AA102}.Debug|x86.Build.0 = Debug|Win32
		{FAE164F3-8982-4D76-A130-01BF155AA102}.Release|x64.ActiveCfg = Release|x64
		{FAE164F3-8982-4D76-A130-01BF155AA102}.Release|x64.Build.0 = Release|x64
		{FAE164F3-8982-4D76-A130-01BF155AA102}.Release|x86.ActiveCfg = Release|Win32
		{FAE164F3-8982-4D76-A130-01BF155AA102}.Release|x86.Build.0 = Release|Win32
		{A563E6A8-3E89-4114-AAE7-06F123D2C40D}.Debug|x64.ActiveCfg = Debug|x64
		{A563E6A8-3E89-4114-AAE7-06F123D2C40D}.Debug|x64.Build.0 = Debug|x64
		{A563E6A8-3E89-4114-AAE7-06F123D2C40D}.Debug|x86.ActiveCfg = Debug|Win32
		{A563E6A8-3E89-4114-AAE7-06F123D2C40D}.Debug|x86.Build.0 = Debug|Win32
		{A563E6A8-3E89-4114-AAE7-06F123D2C40D}.Release|x64.ActiveCfg = Release|x64
		{A563E6A8-3E89-4114-AAE7-06F123D2C40D}.Release|x64.Build.0 = Release|x64
		{A563E6A8-3E89-4114-AAE7-06F123D2C40D}.Release|x86.ActiveCfg = Release|Win32
		{A563E6A8-3E89-4114-AAE7-06F123D2C40D}.Release|x86.Build.0 = Release|Win32
		{8F24B181-01D1-4309-BED8-7EE6CFEA77B1}.Debug|x64.ActiveCfg = Debug|x64
		{8F24B181-01D1-4309-BED8-7EE6CFEA77B1}.Debug|x64.Build.0 = Debug|x64
		{8F24B181-01D1-4309-BED8-7EE6CFEA77B1}.Debug|x86.ActiveCfg = Debug|Win32
		{8F24B181-01D1-4309-BED8-7EE6CFEA77B1}.Debug|x86.Build.0 = Debug|Win32
		{8F24B181-01D1-4309-BED8-7EE6CFEA77B1}.Release|x64.ActiveCfg = Release|x64
		{8F24B181-01D1-4309-BED8-7EE6CFEA77B1}.Release|x64.Build.0 = Release|x64
		{8F24B181-01D1-4309-BED8-7EE6CFEA77B1}.Release|x86.ActiveCfg = Release|Win32
		{8F24B181-01D1-4309-BED8-7EE6CFEA77B1}.Release|x86.Build.0 = Release|Win32
		{4AE6A9C7-29D3-4693-BE33-C51B8E6AE429}.Debug|x64.ActiveCfg = Debug|x64
		{4AE6A9C7-29D3-4693-BE33-C51B8E6AE429}.Debug|x64.Build.0 = Debug|x64
		{4AE6A9C7-29D3-4693-BE33-C51B8E6AE429}.Debug|x86.ActiveCfg = Debug|Win32
		{4AE6A9C7-29D3-4693-BE33-C51B8E6AE429}.Debug|x86.Build.0 = Debug|Win32
		{4AE6A9C7-29D3-4693-BE33-C51B8E6AE429}.Release|x64.ActiveCfg = Release|x64
		{4AE6A9C7-29D3-4693-BE33-C51B8E6AE429}.Release|x64.Build.0 = Release|x64
		{4AE6A9C7-29D3-4693-BE33-C51B8E6AE429}.Release|x86.ActiveCfg = Release|Win32
		{4AE6A9C7-29D3-4693-BE33-C51B8E6AE429}.Release|x86.Build.0 = Release|Win32
		{44C98CD1-696A-4193-9CA3-5194804A8251}.Debug|x64.ActiveCfg = Debug|x64
		{44C98CD1-696A-4193-9CA3-5194804A8251}.Debug|x64.Build.0 = Debug|x64
		{44C98CD1-696A-4193-9CA3-5194804A8251}.Debug|x86.ActiveCfg = Debug|Win32
		{44C98CD1-696A-4193-9CA3-5194804A8251}.Debug|x86.Build.0 = Debug|Win32
		{44C98CD1-696A-4193-9CA3-5194804A8251}.Release|x64.ActiveCfg = Release|x64
		{44C98CD1-696A-4193-9CA3-5194804A8251}.Release|x64.Build.0 = Release|x64
		{44C98CD1-696A-4193-9CA3-5194804A8251}.Release|x86.ActiveCfg = Release|Win32
		{44C98CD1-696A-4193-9CA3-5194804A8251}.Release|x86.Build.0 = Release|Win32
		{D356D34F-CB2A-4FD3-9FC1-07EDA9F9D7B2}.Debug|x64.ActiveCfg = Debug|x64
		{D356D34F-CB2A-4FD3-9FC1-07EDA9F9D7B2}.Debug|x64.Build.0 = Debug|x64
		{D356D34F-CB2A-4FD3-9FC1-07EDA9F9D7B2}.Debug|x86.ActiveCfg = Debug|Win32
		{D356D34F-CB2A-4FD3-9FC1-07EDA9F9D7B2}.Debug|x86.Build.0 = Debug|Win32
		{D356D34F-CB2A-4FD3-9FC1-07EDA9F9D7B2}.Release|x64.ActiveCfg = Release|x64
		{D356D34F-CB2A-4FD3-9FC1-07EDA9F9D7B2}.Release|x64.Build.0 = Release|x64
		{D356D34F-CB2A-4FD3-9FC1-07EDA9F9D7B2}.Release|x86.ActiveCfg = Release|Win32
		{D356D34F-CB2A-4FD3-9FC1-07EDA9F9D7B2}.Release|x86.Build.0 = Release|Win32
		{61BE4E61-5B43-4A3A-A793-0F107F6C1130}.Debug|x64.ActiveCfg = Debug|x64
		{61BE4E61-5B43-4A3A-A793-0F107F6C1130}.Debug|x64.Build.0 = Debug|x64
		{61BE4E61-5B43-4A3A-A793-0F107F6C1130}.Debug|x86.ActiveCfg = Debug|Win32
		{61BE4E61-5B43-4A3A-A793-0F107F6C1130}.Debug|x86.Build.0 = Debug|Win32
		{61BE4E61-5B43-4A3A-A793-0F107F6C1130}.Release|x64.ActiveCfg = Release|x64
		{61BE4E61-5B43-4A3A-A793-0F107F6C1130}.Release|x64.Build.0 = Release|x64
		{61BE4E61-5B43-4A3A-A793-0F107F6C1130}.Release|x86.ActiveCfg = Release|Win32
		{61BE4E61-5B43-4A3A-A793-0F107F6C1130}.Release|x86.Build.0 = Release|Win32
		{C0AF6486-483A-4586-B1EF-71C517B44680}.Debug|x64.ActiveCfg = Debug|x64
		{C0AF6486-483A-4586-B1EF-71C517B44680}.Debug|x64.Build.0 = Debug|x64
		{C0AF6486-483A-4586-B1EF-71C517B44680}.Debug|x86.ActiveCfg = Debug|Win32
		{C0AF6486-483A-4586-B1EF-71C517B44680}.Debug|x86.Build.0 = Debug|Win32
		{C0AF6486-483A-4586-B1EF-71C517B44680}.Release|x64.ActiveCfg = Release|x64
		{C0AF6486-483A-4586-B1EF-71C517B44680}.Release|x64.Build.0 = Release|x64
		{C0AF6486-483A-4586-B1EF-71C517B44680}.Release|x86.ActiveCfg = Release|Win32
		{C0AF6486-483A-4586-B1EF-71C517B44680}.Release|x86.Build.0 = Release|Win32
		{435B76AB-4E55-45C6-8FF0-CFD247686480}.Debug|x64.ActiveCfg = Debug|x64
		{435B76AB-4E55-45C6-8FF0-CFD247686480}.Debug|x64.Build.0 = Debug|x64
		{435B76AB-4E55-45C6-8FF0-CFD247686480}.Debug|x86.ActiveCfg = Debug|Win32
		{435B76AB-4E55-45C6-8FF0-CFD247686480}.Debug|x86.Build.0 = Debug|Win32
		{435B76AB-4E55-45C6-8FF0-CFD247686480}.Release|x64.ActiveCfg = Release|x64
		{435B76AB-4E55-45C6-8FF0-CFD247686480}.Release|x64.Build.0 = Release|x64
		{435B76AB-4E55-45C6-8FF0-CFD247686480}.Release|x86.ActiveCfg = Release|Win32
		{435B76AB-4E55-45C6-8FF0-CFD247686480}.Release|x86.Build.0 = Release|Win32
		{62F70E4D-CFD8-4004-BB65-05796414B09E}.Debug|x64.ActiveCfg = Debug|x64
		{62F70E4D-CFD8-4004-BB65-05796414B09E}.Debug|x64.Build.0 = Debug|x64
		{62F70E4D-CFD8-4004-BB65-05796414B09E}.Debug|x86.ActiveCfg = Debug|Win32
		{62F70E4D-CFD8-4004-BB65-05796414B09E}.Debug|x86.Build.0 = Debug|Win32
		{62F70E4D-CFD8-4004-BB65-05796414B09E}.Release|x64.ActiveCfg = Release|x64
		{62F70E4D-CFD8-4004-BB65-05796414B09E}.Release|x64.Build.0 = Release|x64
		{62F70E4D-CFD8-4004-BB65-05796414B09E}.Release|x86.ActiveCfg = Release|Win32
		{62F70E4D-CFD8-4004-BB65-05796414B09E}.Release|x86.Build.0 = Release|Win32
		{8E1EB661-8DC1-4737-8215-6AF435CCAB46}.Debug|x64.ActiveCfg = Debug|x64
		{8E1EB661-8DC1-4737-8215-6AF435CCAB46}.Debug|x64.Build.0 = Debug|x64
		{8E1EB661-8DC1-4737-8215-6AF435CCAB46}.Debug|x86.ActiveCfg = Debug|Win32
		{8E1EB661-8DC1-4737-8215-6AF435CCAB46}.Debug|x86.Build.0 = Debug|Win32
		{8E1EB661-8DC1-4737-8215-6AF435CCAB46}.Release|x64.ActiveCfg = Release|x64
		{8E1EB661-8DC1-4737-8215-6AF435CCAB46}.Release|x64.Build.0 = Release|x64
		{8E1EB661-8DC1-4737-8215-6AF435CCAB46}.Release|x86.ActiveCfg = Release|Win32
		{8E1EB661-8DC1-4737-8215-6AF435CCAB46}.Release|x86.Build.0 = Release|Win32
		{03F54F42-4EB1-4EB7-8077-703949B01CC9}.Debug|x64.ActiveCfg = Debug|x64
		{03F54F42-4EB1-4EB7-8077-703949B01CC9}.Debug|x64.Build.0 = Debug|x64
		{03F54F42-4EB1-4EB7-8077-703949B01CC9}.Debug|x86.ActiveCfg = Debug|Win32
		{03F54F42-4EB1-4EB7-8077-703949B01CC9}.Debug|x86.Build.0 = Debug|Win32
		{03F54F42-4EB1-4EB7-8077-703949B01CC9}.Release|x64.ActiveCfg = Release|x64
		{03F54F42-4EB1-4EB7-8077-703949B01CC9}.Release|x64.Build.0 = Release|x64
		{03F54F42-4EB1-4EB7-8077-703949B01CC9}.Release|x86.ActiveCfg = Release|Win32
		{03F54F42-4EB1-4EB7-8077-703949B01CC9}.Release|x86.Build.0 = Release|Win32
		{1BD49C2C-B1BA-4ECB-83A0-B7162C5FAE57}.Debug|x64.ActiveCfg = Debug|x64
		{1BD49C2C-B1BA-4ECB-83A0-B7162C5FAE57}.Debug|x64.Build.0 = Debug|x64
		{1BD49C2C-B1BA-4ECB-83A0-B7162C5FAE57}.Debug|x86.ActiveCfg = Debug|Win32
		{1BD49C2C-B1BA-4ECB-83A0-B7162C5FAE57}.Debug|x86.Build.0 = Debug|Win32
		{1BD49C2C-B1BA-4ECB-83A0-B7162C5FAE57}.Release|x64.ActiveCfg = Release|x64
		{1BD49C2C-B1BA-4ECB-83A0-B7162C5FAE57}.Release|x64.Build.0 = Release|x64
		{1BD49C2C-B1BA-4ECB-83A0-B7162C5FAE57}.Release|x86.ActiveCfg = Release|Win32
		{1BD49C2C-B1BA-4ECB-83A0-B7162C5FAE57}.Release|x86.Build.0 = Release|Win32
		{12CB3FA1-2F49-44FC-A3E4-284F7B69D3F8}.Debug|x64.ActiveCfg = Debug|x64
		{12CB3FA1-2F49-44FC-A3E4-284F7B69D3F8}.Debug|x64.Build.0 = Debug|x64
		{12CB3FA1-2F49-44FC-A3E4-284F7B69D3F8}.Debug|x86.ActiveCfg = Debug|Win32
		{12CB3FA1-2F49-44FC-A3E4-284F7B69D3F8}.Debug|x86.Build.0 = Debug|Win32
		{12CB3FA1-2F49-44FC-A3E4-284F7B69D3F8}.Release|x64.ActiveCfg = Release|x64
		{12CB3FA1-2F49-44FC-A3E4-284F7B69D3F8}.Release|x64.Build.0 = Release|x64
		{12CB3FA1-2F49-44FC-A3E4-284F7B69D3F8}.Release|x86.ActiveCfg = Release|Win32
		{12CB3FA1-2F49-44FC-A3E4-284F7B69D3F8}.Release|x86.Build.0 = Release|Win32
		{CB226FE3-AA24-4D46-8F84-9944BF783F4E}.Debug|x64.ActiveCfg = Debug|x64
		{CB226FE3-AA24-4D46-8F84-9944BF783F4E}.Debug|x64.Build.0 = Debug|x64
		{CB226FE3-AA24-4D46-8F84-9944BF783F4E}.Debug|x86.ActiveCfg = Debug|Win32
		{CB226FE3-AA24-4D46-8F84-9944BF783F4E}.Debug|x86.Build.0 = Debug|Win32
		{CB226FE3-AA24-4D46-8F84-9944BF783F4E}.Release|x64.ActiveCfg = Release|x64
		{CB226FE3-AA24-4D46-8F84-9944BF783F4E}.Release|x64.Build.0 = Release|x64
		{CB226FE3-AA24-4D46-8F84-9944BF783F4E}.Release|x86.ActiveCfg = Release|Win32
		{CB226FE3-AA24-4D46-8F84-9944BF783F4E}.Release|x86.Build.0 = Release|Win32
		{46DBB560-37B8-4968-AF3F-28C98881D8E2}.Debug|x64.ActiveCfg = Debug|x64
		{46DBB560-37B8-4968-AF3F-28C98881D8E2}.Debug|x64.Build.0 = Debug|x64
		{46DBB560-37B8-4968-AF3F-28C98881D8E2}.Debug|x86.ActiveCfg = Debug|Win32
		{46DBB560-37B8-4968-AF3F-28C98881D8E2}.Debug|x86.Build.0 = Debug|Win32
		{46DBB560-37B8-4968-AF3F-28C98881D8E2}.Release|x64.ActiveCfg = Release|x64
		{46DBB560-37B8-4968-AF3F-28C98881D8E2}.Release|x64.Build.0 = Release|x64
		{46DBB560-37B8-4968-AF3F-28C98881D8E2}.Release|x86.ActiveCfg = Release|Win32
		{46DBB560-37B8-4968-AF3F-28C98881D8E2}.Release|x86.Build.0 = Release|Win32
		{DA5D1456-BCB1-4875-B23D-55E7B8936779}.Debug|x64.ActiveCfg = Debug|x64
		{DA5D1456-BCB1-4875-B23D-55E7B8936779}.Debug|x64.Build.0 = Debug|x64
		{DA5D1456-BCB1-4875-B23D-55E7B8936779}.Debug|x86.ActiveCfg = Debug|Win32
		{DA5D1456-BCB1-4875-B23D-55E7B8936779}.Debug|x86.Build.0 = Debug|Win32
		{DA5D1456-BCB1-4875-B23D-55E7B8936779}.Release|x64.ActiveCfg = Release|x64
		{DA5D1456-BCB1-4875-B23D-55E7B8936779}.Release|x64.Build.0 = Release|x64
		{DA5D1456-BCB1-4875-B23D-55E7B8936779}.Release|x86.ActiveCfg = Release|Win32
		{DA5D1456-BCB1-4875-B23D-55E7B8936779}.Release|x86.Build.0 = Release|Win32
		{2E50065C-F10E-435F-8647-8DCF872B9E0D}.Debug|x64.ActiveCfg = Debug|x64
		{2E50065C-F10E-435F-8647-8DCF872B9E0D}.Debug|x64.Build.0 = Debug|x64
		{2E50065C-F10E-435F-8647-8DCF872B9E0D}.Debug|x86.ActiveCfg = Debug|Win32
		{2E50065C-F10E-435F-8647-8DCF872B9E0D}.Debug|x86.Build.0 = Debug|Win32
		{2E50065C-F10E-435F-8647-8DCF872B9E0D}.Release|x64.ActiveCfg = Release|x64
		{2E50065C-F10E-435F-8647-8DCF872B9E0D}.Release|x64.Build.0 = Release|x64
		{2E50065C-F10E-435F-8647-8DCF872B9E0D}.Release|x86.ActiveCfg = Release|Win32
		{2E50065C-F10E-435F-8647-8DCF872B9E0D}.Release|x86.Build.0 = Release|Win32
		{C327690E-A37F-4342-9B33-7C4131D9183E}.Debug|x64.ActiveCfg = Debug|x64
		{C327690E-A37F-4342-9B33-7C4131D9183E}.Debug|x64.Build.0 = Debug|x64
		{C327690E-A37F-4342-9B33-7C4131D9183E}.Debug|x86.ActiveCfg = Debug|Win32
		{C327690E-A37F-4342-9B33-7C4131D9183E}.Debug|x86.Build.0 = Debug|Win32
		{C327690E-A37F-4342-9B33-7C4131D9183E}.Release|x64.ActiveCfg = Release|x64
		{C327690E-A37F-4342-9B33-7C4131D9183E}.Release|x64.Build.0 = Release|x64
		{C327690E-A37F-4342-9B33-7C4131D9183E}.Release|x86.ActiveCfg = Release|Win32
		{C327690E-A37F-4342-9B33-7C4131D9183E}.Release|x86.Build.0 = Release|Win32
		{3622FB95-FFEC-474F-81B5-21E5C2E5EDAD}.Debug|x64.ActiveCfg = Debug|x64
		{3622FB95-FFEC-474F-81B5-21E5C2E5EDAD}.Debug|x64.Build.0 = Debug|x64
		{3622FB95-FFEC-474F-81B5-21E5C2E5EDAD}.Debug|x86.ActiveCfg = Debug|Win32
		{3622FB95-FFEC-474F-81B5-21E5C2E5EDAD}.Debug|x86.Build.0 = Debug|Win32
		{3622FB95-FFEC-474F-81B5-21E5C2E5EDAD}.Release|x64.ActiveCfg = Release|x64
		{3622FB95-FFEC-474F-81B5-21E5C2E5EDAD}.Release|x64.Build.0 = Release|x64
		{3622FB95-FFEC-474F-81B5-21E5C2E5EDAD}.Release|x86.ActiveCfg = Release|Win32
		{3622FB95-FFEC-474F-81B5-21E5C2E5EDAD}.Release|x86.Build.0 = Release|Win32
		{0F52D1A1-60D1-4644-A352-913367A593C8}.Debug|x64.ActiveCfg = Debug|x64
		{0F52D1A1-60D1-4644-A352-913367A593C8}.Debug|x64.Build.0 = Debug|x64
		{0F52D1A1-60D1-4644-A352-913367A593C8}.Debug|x86.ActiveCfg = Debug|Win32
		{0F52D1A1-60D1-4644-A352-913367A593C8}.Debug|x86.Build.0 = Debug|Win32
		{0F52D1A1-60D1-4644-A352-913367A593C8}.Release|x64.ActiveCfg = Release|x64
		{0F52D1A1-60D1-4644-A352-913367A593C8}.Release|x64.Build.0 = Release|x64
		{0F52D1A1-60D1-4644-A352-913367A593C8}.Release|x86.ActiveCfg = Release|Win32
		{0F52D1A1-60D1-4644-A352-913367A593C8}.Release|x86.Build.0 = Release|Win32
		{F736F056-6355-4F3F-8B4C-4440A63BE131}.Debug|x64.ActiveCfg = Debug|x64
		{F736F056-6355-4F3F-8B4C-4440A63BE131}.Debug|x64.Build.0 = Debug|x64
		{F736F056-6355-4F3F-8B4C-4440A63BE131}.Debug|x86.ActiveCfg = Debug|Win32
		{F736F056-6355-4F3F-8B4C-4440A63BE131}.Debug|x86.Build.0 = Debug|Win32
		{F736F056-6355-4F3F-8B4C-4440A63BE131}.Release|x64.ActiveCfg = Release|x64
		{F736F056-6355-4F3F-8B4C-4440A63BE131}.Release|x64.Build.0 = Release|x64
		{F736F056-6355-4F3F-8B4C-4440A63BE131}.Release|x86.ActiveCfg = Release|Win32
		{F736F056-6355-4F3F-8B4C-4440A63BE131}.Release|x86.Build.0 = Release|Win32
		{5C85B945-23BC-4FCC-88EB-92040C4FA1E2}.Debug|x64.ActiveCfg = Debug|x64
		{5C85B945-23BC-4FCC-88EB-92040C4FA1E2}.Debug|x64.Build.0 = Debug|x64
		{5C85B945-23BC-4FCC-88EB-92040C4FA1E2}.Debug|x86.ActiveCfg = Debug|Win32
		{5C85B945-23BC-4FCC-88EB-92040C4FA1E2}.Debug|x86.Build.0 = Debug|Win32
		{5C85B945-23BC-4FCC-88EB-92040C4FA1E2}.Release|x64.ActiveCfg = Release|x64
		{5C85B945-23BC-4FCC-88EB-92040C4FA1E2}.Release|x64.Build.0 = Release|x64
		{5C85B945-23BC-4FCC-88EB-92040C4FA1E2}.Release|x86.ActiveCfg = Release|Win32
		{5C85B945-23BC-4FCC-88EB-92040C4FA1E2}.Release|x86.Build.0 = Release|Win32
		{82C30DC5-3CA5-4632-91D7-44598C95B905}.Debug|x64.ActiveCfg = Debug|x64
		{82C30DC5-3CA5-4632-91D7-44598C95B905}.Debug|x64.Build.0 = Debug|x64
		{82C30DC5-3CA5-4632-91D7-44598C95B905}.Debug|x86.ActiveCfg = Debug|Win32
		{82C30DC5-3CA5-4632-91D7-44598C95B905}.Debug|x86.Build.0 = Debug|Win32
		{82C30DC5-3CA5-4632-91D7-44598C95B905}.Release|x64.ActiveCfg = Release|x64
		{82C30DC5-3CA5-4632-91D7-44598C95B905}.Release|x64.Build.0 = Release|x64
		{82C30DC5-3CA5-4632-91D7-44598C95B905}.Release|x86.ActiveCfg = Release|Win32
		{82C30DC5-3CA5-4632-91D7-44598C95B905}.Release|x86.Build.0 = Release|Win32
		{9ED19789-BC18-4C26-870E-A37DBC4A6437}.Debug|x64.ActiveCfg = Debug|x64
		{9ED19789-BC18-4C26-870E-A37DBC4A6437}.Debug|x64.Build.0 = Debug|x64
		{9ED19789-BC18-4C26-870E-A37DBC4A6437}.Debug|x86.ActiveCfg = Debug|Win32
		{9ED19789-BC18-4C26-870E-A37DBC4A6437}.Debug|x86.Build.0 = Debug|Win32
		{9ED19789-BC18-4C26-870E-A37DBC4A6437}.Release|x64.ActiveCfg = Release|x64
		{9ED19789-BC18-4C26-870E-A37DBC4A6437}.Release|x64.Build.0 = Release|x64
		{9ED19789-BC18-4C26-870E-A37DBC4A6437}.Release|x86.ActiveCfg = Release|Win32
		{9ED19789-BC18-4C26-870E-A37DBC4A6437}.Release|x86.Build.0 = Release|Win32
		{E7A43A7B-6813-4FCE-8B64-CD16D9526AC7}.Debug|x64.ActiveCfg = Debug|x64
		{E7A43A7B-6813-4FCE-8B64-CD16D9526AC7}.Debug|x64.Build.0 = Debug|x64
		{E7A43A7B-6813-4FCE-8B64-CD16D9526AC7}.Debug|x86.ActiveCfg = Debug|Win32
		{E7A43A7B-6813-4FCE-8B64-CD16D9526AC7}.Debug|x86.Build.0 = Debug|Win32
		{E7A43A7B-6813-4FCE-8B64-CD16D9526AC7}.Release|x64.ActiveCfg = Release|x64
		{E7A43A7B-6813-4FCE-8B64-CD16D9526AC7}.Release|x64.Build.0 = Release|x64
		{E7A43A7B-6813-4FCE-8B64-CD16D9526AC7}.Release|x86.ActiveCfg = Release|Win32
		{E7A43A7B-6813-4FCE-8B64-CD16D9526AC7}.Release|x86.Build.0 = Release|Win32
		{E73513B5-1521-48D5-A2F8-5C71265BEAB8}.Debug|x64.ActiveCfg = Debug|x64
		{E73513B5-1521-48D5-A2F8-5C71265BEAB8}.Debug|x64.Build.0 = Debug|x64
		{E73513B5-1521-48D5-A2F8-5C71265BEAB8}.Debug|x86.ActiveCfg = Debug|Win32
		{E73513B5-1521-48D5-A2F8-5C71265BEAB8}.Debug|x86.Build.0 = Debug|Win32
		{E73513B5-1521-48D5-A2F8-5C71265BEAB8}.Release|x64.ActiveCfg = Release|x64
		{E73513B5-1521-48D5-A2F8-5C71265BEAB8}.Release|x64.Build.0 = Release|x64
		{E73513B5-1521-48D5-A2F8-5C71265BEAB8}.Release|x86.ActiveCfg = Release|Win32
		{E73513B5-1521-48D5-A2F8-5C71265BEAB8}.Release|x86.Build.0 = Release|Win32
		{C4A9B107-7D98-4755-996F-136D0D644803}.Debug|x64.ActiveCfg = Debug|x64
		{C4A9B107-7D98-4755-996F-136D0D644803}.Debug|x64.Build.0 = Debug|x64
		{C4A9B107-7D98-4755-996F-136D0D644803}.Debug|x86.ActiveCfg = Debug|Win32
		{C4A9B107-7D98-4755-996F-136D0D644803}.Debug|x86.Build.0 = Debug|Win32
		{C4A9B107-7D98-4755-996F-136D0D644803}.Release|x64.ActiveCfg = Release|x64
		{C4A9B107-7D98-4755-996F-136D0D644803}.Release|x64.Build.0 = Release|x64
		{C4A9B107-7D98-4755-996F-136D0D644803}.Release|x86.ActiveCfg = Release|Win32
		{C4A9B107-7D98-4755-996F-136D0D644803}.Release|x86.Build.0 = Release|Win32
		{5E20DC1C-D68D-4B95-9278-858EA74DAFAA}.Debug|x64.ActiveCfg = Debug|x64
		{5E20DC1C-D68D-4B95-9278-858EA74DAFAA}.Debug|x64.Build.0 = Debug|x64
		{5E20DC1C-D68D-4B95-9278-858EA74DAFAA}.Debug|x86.ActiveCfg = Debug|Win32
		{5E20DC1C-D68D-4B95-9278-858EA74DAFAA}.Debug|x86.Build.0 = Debug|Win32
		{5E20DC1C-D68D-4B95-9278-858EA74DAFAA}.Release|x64.ActiveCfg = Release|x64
		{5E20DC1C-D68D-4B95-9278-858EA74DAFAA}.Release|x64.Build.0 = Release|x64
		{5E20DC1C-D68D-4B95-9278-858EA74DAFAA}.Release|x86.ActiveCfg = Release|Win32
		{5E20DC1C-D68D-4B95-9278-858EA74DAFAA}.Release|x86.Build.0 = Release|Win32
	EndGlobalSection
	GlobalSection(SolutionProperties) = preSolution
		HideSolutionNode = FALSE
	EndGlobalSection
EndGlobal
