
Microsoft Visual Studio Solution File, Format Version 12.00
# Visual Studio 14
VisualStudioVersion = 14.0.25420.1
MinimumVisualStudioVersion = 10.0.40219.1
Project("{8BC9CEB8-8B4A-11D0-8D11-00A0C91BC942}") = "Others_Disjoint-Set", "Disjoint-Set\Disjoint-Set.vcxproj", "{61F27DAA-3200-4A86-A32D-87F9C4AF7415}"
EndProject
Project("{8BC9CEB8-8B4A-11D0-8D11-00A0C91BC942}") = "Codefoces_A.Watermelon", "Codefoces_A.Watermelon\Codefoces_A.Watermelon.vcxproj", "{32F28224-B16F-489D-8FEB-D2D09C77608F}"
EndProject
Project("{8BC9CEB8-8B4A-11D0-8D11-00A0C91BC942}") = "Codefoces_A.Theatre-Square", "Codefoces_A.Theatre-Square\Codefoces_A.Theatre-Square.vcxproj", "{6AB009B0-E4CB-44F7-B3AE-0605140F3A6C}"
EndProject
Project("{8BC9CEB8-8B4A-11D0-8D11-00A0C91BC942}") = "UVa_100_The-3N+1-Problem", "UVa_100_The-3N+1-Problem\UVa_100_The-3N+1-Problem.vcxproj", "{DB610859-650D-4D19-B9BF-CE9266C53EF1}"
EndProject
Project("{8BC9CEB8-8B4A-11D0-8D11-00A0C91BC942}") = "UVa_10189_Minesweeper", "UVa_10189_Minesweeper\UVa_10189_Minesweeper.vcxproj", "{FE7DA28C-EA97-49A6-BA46-DAE62AE041D1}"
EndProject
Project("{8BC9CEB8-8B4A-11D0-8D11-00A0C91BC942}") = "UVa_10137_The-Trip", "UVa_10137_The-Trip\UVa_10137_The-Trip.vcxproj", "{563A3B47-A093-4DCD-9A43-F96FBC508176}"
EndProject
Project("{8BC9CEB8-8B4A-11D0-8D11-00A0C91BC942}") = "UVa_706_LCD-Display", "UVa_706_LCD-Display\UVa_706_LCD-Display.vcxproj", "{D320E2A0-3801-4ECB-BB43-68A853A1E213}"
EndProject
Project("{8BC9CEB8-8B4A-11D0-8D11-00A0C91BC942}") = "UVa_10267_Graphical-Editor", "UVa_10267_Graphical-Editor\UVa_10267_Graphical-Editor.vcxproj", "{76CA75DA-0E31-42CB-BFC5-F8F8FFD683B9}"
EndProject
Project("{8BC9CEB8-8B4A-11D0-8D11-00A0C91BC942}") = "UVa_10911_Forming-Quiz-Teams", "UVa_10911_Forming-Quiz-Teams\UVa_10911_Forming-Quiz-Teams.vcxproj", "{040A7825-3E4B-4A2C-A98C-E09A5A026B8E}"
EndProject
Project("{8BC9CEB8-8B4A-11D0-8D11-00A0C91BC942}") = "UVa_272_TEX_Quotes", "UVa_272_TEX_Quotes\UVa_272_TEX_Quotes.vcxproj", "{CBF18A2A-17C3-4CB2-A448-B04CCC4921C8}"
EndProject
Project("{8BC9CEB8-8B4A-11D0-8D11-00A0C91BC942}") = "UVa_1124_Celebrity-jeopardy", "UVa_1124_Celebrity-jeopardy\UVa_1124_Celebrity-jeopardy.vcxproj", "{A503896C-2318-4311-9938-284605A79AAD}"
EndProject
Project("{8BC9CEB8-8B4A-11D0-8D11-00A0C91BC942}") = "UVa_10550_Combination-Lock", "UVa_10550_Combination-Lock\UVa_10550_Combination-Lock.vcxproj", "{132D74FD-9817-4C6B-B947-A7C7F87A7663}"
EndProject
Project("{8BC9CEB8-8B4A-11D0-8D11-00A0C91BC942}") = "UVa_11044_Searching-for-Nessy", "UVa_11044_Searching-for-Nessy\UVa_11044_Searching-for-Nessy.vcxproj", "{CD7ADF20-6DF9-436D-BCBC-2CA4A4E919C5}"
EndProject
Project("{8BC9CEB8-8B4A-11D0-8D11-00A0C91BC942}") = "UVa_11172_Relational-Operator", "UVa_11172_Relational-Operator\UVa_11172_Relational-Operator.vcxproj", "{A8D3349F-5984-4A82-9A84-EB4B513A8D51}"
EndProject
Project("{8BC9CEB8-8B4A-11D0-8D11-00A0C91BC942}") = "UVa_11364_Parking", "UVa_11364_Parking\UVa_11364_Parking.vcxproj", "{85270EB8-4AB9-4FD6-8952-4054933B271D}"
EndProject
Project("{8BC9CEB8-8B4A-11D0-8D11-00A0C91BC942}") = "UVa_11498_Devision-of-NLogonia", "UVa_11498_Devision-of-NLogonia\UVa_11498_Devision-of-NLogonia.vcxproj", "{91A83D28-609A-44ED-AA1A-4EDC109AC93F}"
EndProject
Project("{8BC9CEB8-8B4A-11D0-8D11-00A0C91BC942}") = "UVa_11547_Automatic-Answer", "UVa_11547_Automatic-Answer\UVa_11547_Automatic-Answer.vcxproj", "{E382E960-8EA5-416F-8FD1-4B3917BF495D}"
EndProject
Project("{8BC9CEB8-8B4A-11D0-8D11-00A0C91BC942}") = "UVa_11727_Cost-Cutting", "UVa_11727_Cost-Cutting\UVa_11727_Cost-Cutting.vcxproj", "{DB78D6A1-D9D4-434C-9055-2167C0DA06EB}"
EndProject
Project("{8BC9CEB8-8B4A-11D0-8D11-00A0C91BC942}") = "UVa_12250_Language-Detection", "UVa_12250_Language-Detection\UVa_12250_Language-Detection.vcxproj", "{BC9C23C8-C03B-4874-B037-6A73B6EFB251}"
EndProject
Project("{8BC9CEB8-8B4A-11D0-8D11-00A0C91BC942}") = "UVa_12279_Emoogle-Balance", "UVa_12279_Emoogle-Balance\UVa_12279_Emoogle-Balance.vcxproj", "{329436E3-BAC3-4376-AA98-00590C8ED5B4}"
EndProject
Project("{8BC9CEB8-8B4A-11D0-8D11-00A0C91BC942}") = "UVa_12289_One-Two-Three", "UVa_12289_One-Two-Three\UVa_12289_One-Two-Three.vcxproj", "{86D71048-0CDD-4557-ACFB-61174A2257A6}"
EndProject
Project("{8BC9CEB8-8B4A-11D0-8D11-00A0C91BC942}") = "UVa_12372_Packing-fo-Holiday", "UVa_12372_Packing-fo-Holiday\UVa_12372_Packing-fo-Holiday.vcxproj", "{8C1A1693-F9F0-42D9-8A55-CD745DD9DC4E}"
EndProject
Project("{8BC9CEB8-8B4A-11D0-8D11-00A0C91BC942}") = "UVa_12403_Save-Setu", "UVa_12403_Save-Setu\UVa_12403_Save-Setu.vcxproj", "{4F4B3930-6674-4668-B04D-C2C7E8A5A014}"
EndProject
Project("{8BC9CEB8-8B4A-11D0-8D11-00A0C91BC942}") = "UVa_12577_Hajj-e-Akbar", "UVa_12577_Hajj-e-Akbar\UVa_12577_Hajj-e-Akbar.vcxproj", "{7A1E468F-BDA8-4D2D-9B28-ACA72CFFC3A8}"
EndProject
Project("{8BC9CEB8-8B4A-11D0-8D11-00A0C91BC942}") = "UVa_00621_Secret-Research", "UVa_00621_Secret-Research\UVa_00621_Secret-Research.vcxproj", "{6ED81BE5-1A3F-46D9-87D3-217FD38C679B}"
EndProject
Project("{8BC9CEB8-8B4A-11D0-8D11-00A0C91BC942}") = "UVa_10114_Loansome-Car-Buyer", "UVa_10114_Loansome-Car-Buyer\UVa_10114_Loansome-Car-Buyer.vcxproj", "{EE3BED01-C479-4B8B-BE18-B176A44EC81D}"
EndProject
Global
	GlobalSection(SolutionConfigurationPlatforms) = preSolution
		Debug|x64 = Debug|x64
		Debug|x86 = Debug|x86
		Release|x64 = Release|x64
		Release|x86 = Release|x86
	EndGlobalSection
	GlobalSection(ProjectConfigurationPlatforms) = postSolution
		{61F27DAA-3200-4A86-A32D-87F9C4AF7415}.Debug|x64.ActiveCfg = Debug|x64
		{61F27DAA-3200-4A86-A32D-87F9C4AF7415}.Debug|x64.Build.0 = Debug|x64
		{61F27DAA-3200-4A86-A32D-87F9C4AF7415}.Debug|x86.ActiveCfg = Debug|Win32
		{61F27DAA-3200-4A86-A32D-87F9C4AF7415}.Debug|x86.Build.0 = Debug|Win32
		{61F27DAA-3200-4A86-A32D-87F9C4AF7415}.Release|x64.ActiveCfg = Release|x64
		{61F27DAA-3200-4A86-A32D-87F9C4AF7415}.Release|x64.Build.0 = Release|x64
		{61F27DAA-3200-4A86-A32D-87F9C4AF7415}.Release|x86.ActiveCfg = Release|Win32
		{61F27DAA-3200-4A86-A32D-87F9C4AF7415}.Release|x86.Build.0 = Release|Win32
		{32F28224-B16F-489D-8FEB-D2D09C77608F}.Debug|x64.ActiveCfg = Debug|x64
		{32F28224-B16F-489D-8FEB-D2D09C77608F}.Debug|x64.Build.0 = Debug|x64
		{32F28224-B16F-489D-8FEB-D2D09C77608F}.Debug|x86.ActiveCfg = Debug|Win32
		{32F28224-B16F-489D-8FEB-D2D09C77608F}.Debug|x86.Build.0 = Debug|Win32
		{32F28224-B16F-489D-8FEB-D2D09C77608F}.Release|x64.ActiveCfg = Release|x64
		{32F28224-B16F-489D-8FEB-D2D09C77608F}.Release|x64.Build.0 = Release|x64
		{32F28224-B16F-489D-8FEB-D2D09C77608F}.Release|x86.ActiveCfg = Release|Win32
		{32F28224-B16F-489D-8FEB-D2D09C77608F}.Release|x86.Build.0 = Release|Win32
		{6AB009B0-E4CB-44F7-B3AE-0605140F3A6C}.Debug|x64.ActiveCfg = Debug|x64
		{6AB009B0-E4CB-44F7-B3AE-0605140F3A6C}.Debug|x64.Build.0 = Debug|x64
		{6AB009B0-E4CB-44F7-B3AE-0605140F3A6C}.Debug|x86.ActiveCfg = Debug|Win32
		{6AB009B0-E4CB-44F7-B3AE-0605140F3A6C}.Debug|x86.Build.0 = Debug|Win32
		{6AB009B0-E4CB-44F7-B3AE-0605140F3A6C}.Release|x64.ActiveCfg = Release|x64
		{6AB009B0-E4CB-44F7-B3AE-0605140F3A6C}.Release|x64.Build.0 = Release|x64
		{6AB009B0-E4CB-44F7-B3AE-0605140F3A6C}.Release|x86.ActiveCfg = Release|Win32
		{6AB009B0-E4CB-44F7-B3AE-0605140F3A6C}.Release|x86.Build.0 = Release|Win32
		{DB610859-650D-4D19-B9BF-CE9266C53EF1}.Debug|x64.ActiveCfg = Debug|x64
		{DB610859-650D-4D19-B9BF-CE9266C53EF1}.Debug|x64.Build.0 = Debug|x64
		{DB610859-650D-4D19-B9BF-CE9266C53EF1}.Debug|x86.ActiveCfg = Debug|Win32
		{DB610859-650D-4D19-B9BF-CE9266C53EF1}.Debug|x86.Build.0 = Debug|Win32
		{DB610859-650D-4D19-B9BF-CE9266C53EF1}.Release|x64.ActiveCfg = Release|x64
		{DB610859-650D-4D19-B9BF-CE9266C53EF1}.Release|x64.Build.0 = Release|x64
		{DB610859-650D-4D19-B9BF-CE9266C53EF1}.Release|x86.ActiveCfg = Release|Win32
		{DB610859-650D-4D19-B9BF-CE9266C53EF1}.Release|x86.Build.0 = Release|Win32
		{FE7DA28C-EA97-49A6-BA46-DAE62AE041D1}.Debug|x64.ActiveCfg = Debug|x64
		{FE7DA28C-EA97-49A6-BA46-DAE62AE041D1}.Debug|x64.Build.0 = Debug|x64
		{FE7DA28C-EA97-49A6-BA46-DAE62AE041D1}.Debug|x86.ActiveCfg = Debug|Win32
		{FE7DA28C-EA97-49A6-BA46-DAE62AE041D1}.Debug|x86.Build.0 = Debug|Win32
		{FE7DA28C-EA97-49A6-BA46-DAE62AE041D1}.Release|x64.ActiveCfg = Release|x64
		{FE7DA28C-EA97-49A6-BA46-DAE62AE041D1}.Release|x64.Build.0 = Release|x64
		{FE7DA28C-EA97-49A6-BA46-DAE62AE041D1}.Release|x86.ActiveCfg = Release|Win32
		{FE7DA28C-EA97-49A6-BA46-DAE62AE041D1}.Release|x86.Build.0 = Release|Win32
		{563A3B47-A093-4DCD-9A43-F96FBC508176}.Debug|x64.ActiveCfg = Debug|x64
		{563A3B47-A093-4DCD-9A43-F96FBC508176}.Debug|x64.Build.0 = Debug|x64
		{563A3B47-A093-4DCD-9A43-F96FBC508176}.Debug|x86.ActiveCfg = Debug|Win32
		{563A3B47-A093-4DCD-9A43-F96FBC508176}.Debug|x86.Build.0 = Debug|Win32
		{563A3B47-A093-4DCD-9A43-F96FBC508176}.Release|x64.ActiveCfg = Release|x64
		{563A3B47-A093-4DCD-9A43-F96FBC508176}.Release|x64.Build.0 = Release|x64
		{563A3B47-A093-4DCD-9A43-F96FBC508176}.Release|x86.ActiveCfg = Release|Win32
		{563A3B47-A093-4DCD-9A43-F96FBC508176}.Release|x86.Build.0 = Release|Win32
		{D320E2A0-3801-4ECB-BB43-68A853A1E213}.Debug|x64.ActiveCfg = Debug|x64
		{D320E2A0-3801-4ECB-BB43-68A853A1E213}.Debug|x64.Build.0 = Debug|x64
		{D320E2A0-3801-4ECB-BB43-68A853A1E213}.Debug|x86.ActiveCfg = Debug|Win32
		{D320E2A0-3801-4ECB-BB43-68A853A1E213}.Debug|x86.Build.0 = Debug|Win32
		{D320E2A0-3801-4ECB-BB43-68A853A1E213}.Release|x64.ActiveCfg = Release|x64
		{D320E2A0-3801-4ECB-BB43-68A853A1E213}.Release|x64.Build.0 = Release|x64
		{D320E2A0-3801-4ECB-BB43-68A853A1E213}.Release|x86.ActiveCfg = Release|Win32
		{D320E2A0-3801-4ECB-BB43-68A853A1E213}.Release|x86.Build.0 = Release|Win32
		{76CA75DA-0E31-42CB-BFC5-F8F8FFD683B9}.Debug|x64.ActiveCfg = Debug|x64
		{76CA75DA-0E31-42CB-BFC5-F8F8FFD683B9}.Debug|x64.Build.0 = Debug|x64
		{76CA75DA-0E31-42CB-BFC5-F8F8FFD683B9}.Debug|x86.ActiveCfg = Debug|Win32
		{76CA75DA-0E31-42CB-BFC5-F8F8FFD683B9}.Debug|x86.Build.0 = Debug|Win32
		{76CA75DA-0E31-42CB-BFC5-F8F8FFD683B9}.Release|x64.ActiveCfg = Release|x64
		{76CA75DA-0E31-42CB-BFC5-F8F8FFD683B9}.Release|x64.Build.0 = Release|x64
		{76CA75DA-0E31-42CB-BFC5-F8F8FFD683B9}.Release|x86.ActiveCfg = Release|Win32
		{76CA75DA-0E31-42CB-BFC5-F8F8FFD683B9}.Release|x86.Build.0 = Release|Win32
		{040A7825-3E4B-4A2C-A98C-E09A5A026B8E}.Debug|x64.ActiveCfg = Debug|x64
		{040A7825-3E4B-4A2C-A98C-E09A5A026B8E}.Debug|x64.Build.0 = Debug|x64
		{040A7825-3E4B-4A2C-A98C-E09A5A026B8E}.Debug|x86.ActiveCfg = Debug|Win32
		{040A7825-3E4B-4A2C-A98C-E09A5A026B8E}.Debug|x86.Build.0 = Debug|Win32
		{040A7825-3E4B-4A2C-A98C-E09A5A026B8E}.Release|x64.ActiveCfg = Release|x64
		{040A7825-3E4B-4A2C-A98C-E09A5A026B8E}.Release|x64.Build.0 = Release|x64
		{040A7825-3E4B-4A2C-A98C-E09A5A026B8E}.Release|x86.ActiveCfg = Release|Win32
		{040A7825-3E4B-4A2C-A98C-E09A5A026B8E}.Release|x86.Build.0 = Release|Win32
		{CBF18A2A-17C3-4CB2-A448-B04CCC4921C8}.Debug|x64.ActiveCfg = Debug|x64
		{CBF18A2A-17C3-4CB2-A448-B04CCC4921C8}.Debug|x64.Build.0 = Debug|x64
		{CBF18A2A-17C3-4CB2-A448-B04CCC4921C8}.Debug|x86.ActiveCfg = Debug|Win32
		{CBF18A2A-17C3-4CB2-A448-B04CCC4921C8}.Debug|x86.Build.0 = Debug|Win32
		{CBF18A2A-17C3-4CB2-A448-B04CCC4921C8}.Release|x64.ActiveCfg = Release|x64
		{CBF18A2A-17C3-4CB2-A448-B04CCC4921C8}.Release|x64.Build.0 = Release|x64
		{CBF18A2A-17C3-4CB2-A448-B04CCC4921C8}.Release|x86.ActiveCfg = Release|Win32
		{CBF18A2A-17C3-4CB2-A448-B04CCC4921C8}.Release|x86.Build.0 = Release|Win32
		{A503896C-2318-4311-9938-284605A79AAD}.Debug|x64.ActiveCfg = Debug|x64
		{A503896C-2318-4311-9938-284605A79AAD}.Debug|x64.Build.0 = Debug|x64
		{A503896C-2318-4311-9938-284605A79AAD}.Debug|x86.ActiveCfg = Debug|Win32
		{A503896C-2318-4311-9938-284605A79AAD}.Debug|x86.Build.0 = Debug|Win32
		{A503896C-2318-4311-9938-284605A79AAD}.Release|x64.ActiveCfg = Release|x64
		{A503896C-2318-4311-9938-284605A79AAD}.Release|x64.Build.0 = Release|x64
		{A503896C-2318-4311-9938-284605A79AAD}.Release|x86.ActiveCfg = Release|Win32
		{A503896C-2318-4311-9938-284605A79AAD}.Release|x86.Build.0 = Release|Win32
		{132D74FD-9817-4C6B-B947-A7C7F87A7663}.Debug|x64.ActiveCfg = Debug|x64
		{132D74FD-9817-4C6B-B947-A7C7F87A7663}.Debug|x64.Build.0 = Debug|x64
		{132D74FD-9817-4C6B-B947-A7C7F87A7663}.Debug|x86.ActiveCfg = Debug|Win32
		{132D74FD-9817-4C6B-B947-A7C7F87A7663}.Debug|x86.Build.0 = Debug|Win32
		{132D74FD-9817-4C6B-B947-A7C7F87A7663}.Release|x64.ActiveCfg = Release|x64
		{132D74FD-9817-4C6B-B947-A7C7F87A7663}.Release|x64.Build.0 = Release|x64
		{132D74FD-9817-4C6B-B947-A7C7F87A7663}.Release|x86.ActiveCfg = Release|Win32
		{132D74FD-9817-4C6B-B947-A7C7F87A7663}.Release|x86.Build.0 = Release|Win32
		{CD7ADF20-6DF9-436D-BCBC-2CA4A4E919C5}.Debug|x64.ActiveCfg = Debug|x64
		{CD7ADF20-6DF9-436D-BCBC-2CA4A4E919C5}.Debug|x64.Build.0 = Debug|x64
		{CD7ADF20-6DF9-436D-BCBC-2CA4A4E919C5}.Debug|x86.ActiveCfg = Debug|Win32
		{CD7ADF20-6DF9-436D-BCBC-2CA4A4E919C5}.Debug|x86.Build.0 = Debug|Win32
		{CD7ADF20-6DF9-436D-BCBC-2CA4A4E919C5}.Release|x64.ActiveCfg = Release|x64
		{CD7ADF20-6DF9-436D-BCBC-2CA4A4E919C5}.Release|x64.Build.0 = Release|x64
		{CD7ADF20-6DF9-436D-BCBC-2CA4A4E919C5}.Release|x86.ActiveCfg = Release|Win32
		{CD7ADF20-6DF9-436D-BCBC-2CA4A4E919C5}.Release|x86.Build.0 = Release|Win32
		{A8D3349F-5984-4A82-9A84-EB4B513A8D51}.Debug|x64.ActiveCfg = Debug|x64
		{A8D3349F-5984-4A82-9A84-EB4B513A8D51}.Debug|x64.Build.0 = Debug|x64
		{A8D3349F-5984-4A82-9A84-EB4B513A8D51}.Debug|x86.ActiveCfg = Debug|Win32
		{A8D3349F-5984-4A82-9A84-EB4B513A8D51}.Debug|x86.Build.0 = Debug|Win32
		{A8D3349F-5984-4A82-9A84-EB4B513A8D51}.Release|x64.ActiveCfg = Release|x64
		{A8D3349F-5984-4A82-9A84-EB4B513A8D51}.Release|x64.Build.0 = Release|x64
		{A8D3349F-5984-4A82-9A84-EB4B513A8D51}.Release|x86.ActiveCfg = Release|Win32
		{A8D3349F-5984-4A82-9A84-EB4B513A8D51}.Release|x86.Build.0 = Release|Win32
		{85270EB8-4AB9-4FD6-8952-4054933B271D}.Debug|x64.ActiveCfg = Debug|x64
		{85270EB8-4AB9-4FD6-8952-4054933B271D}.Debug|x64.Build.0 = Debug|x64
		{85270EB8-4AB9-4FD6-8952-4054933B271D}.Debug|x86.ActiveCfg = Debug|Win32
		{85270EB8-4AB9-4FD6-8952-4054933B271D}.Debug|x86.Build.0 = Debug|Win32
		{85270EB8-4AB9-4FD6-8952-4054933B271D}.Release|x64.ActiveCfg = Release|x64
		{85270EB8-4AB9-4FD6-8952-4054933B271D}.Release|x64.Build.0 = Release|x64
		{85270EB8-4AB9-4FD6-8952-4054933B271D}.Release|x86.ActiveCfg = Release|Win32
		{85270EB8-4AB9-4FD6-8952-4054933B271D}.Release|x86.Build.0 = Release|Win32
		{91A83D28-609A-44ED-AA1A-4EDC109AC93F}.Debug|x64.ActiveCfg = Debug|x64
		{91A83D28-609A-44ED-AA1A-4EDC109AC93F}.Debug|x64.Build.0 = Debug|x64
		{91A83D28-609A-44ED-AA1A-4EDC109AC93F}.Debug|x86.ActiveCfg = Debug|Win32
		{91A83D28-609A-44ED-AA1A-4EDC109AC93F}.Debug|x86.Build.0 = Debug|Win32
		{91A83D28-609A-44ED-AA1A-4EDC109AC93F}.Release|x64.ActiveCfg = Release|x64
		{91A83D28-609A-44ED-AA1A-4EDC109AC93F}.Release|x64.Build.0 = Release|x64
		{91A83D28-609A-44ED-AA1A-4EDC109AC93F}.Release|x86.ActiveCfg = Release|Win32
		{91A83D28-609A-44ED-AA1A-4EDC109AC93F}.Release|x86.Build.0 = Release|Win32
		{E382E960-8EA5-416F-8FD1-4B3917BF495D}.Debug|x64.ActiveCfg = Debug|x64
		{E382E960-8EA5-416F-8FD1-4B3917BF495D}.Debug|x64.Build.0 = Debug|x64
		{E382E960-8EA5-416F-8FD1-4B3917BF495D}.Debug|x86.ActiveCfg = Debug|Win32
		{E382E960-8EA5-416F-8FD1-4B3917BF495D}.Debug|x86.Build.0 = Debug|Win32
		{E382E960-8EA5-416F-8FD1-4B3917BF495D}.Release|x64.ActiveCfg = Release|x64
		{E382E960-8EA5-416F-8FD1-4B3917BF495D}.Release|x64.Build.0 = Release|x64
		{E382E960-8EA5-416F-8FD1-4B3917BF495D}.Release|x86.ActiveCfg = Release|Win32
		{E382E960-8EA5-416F-8FD1-4B3917BF495D}.Release|x86.Build.0 = Release|Win32
		{DB78D6A1-D9D4-434C-9055-2167C0DA06EB}.Debug|x64.ActiveCfg = Debug|x64
		{DB78D6A1-D9D4-434C-9055-2167C0DA06EB}.Debug|x64.Build.0 = Debug|x64
		{DB78D6A1-D9D4-434C-9055-2167C0DA06EB}.Debug|x86.ActiveCfg = Debug|Win32
		{DB78D6A1-D9D4-434C-9055-2167C0DA06EB}.Debug|x86.Build.0 = Debug|Win32
		{DB78D6A1-D9D4-434C-9055-2167C0DA06EB}.Release|x64.ActiveCfg = Release|x64
		{DB78D6A1-D9D4-434C-9055-2167C0DA06EB}.Release|x64.Build.0 = Release|x64
		{DB78D6A1-D9D4-434C-9055-2167C0DA06EB}.Release|x86.ActiveCfg = Release|Win32
		{DB78D6A1-D9D4-434C-9055-2167C0DA06EB}.Release|x86.Build.0 = Release|Win32
		{BC9C23C8-C03B-4874-B037-6A73B6EFB251}.Debug|x64.ActiveCfg = Debug|x64
		{BC9C23C8-C03B-4874-B037-6A73B6EFB251}.Debug|x64.Build.0 = Debug|x64
		{BC9C23C8-C03B-4874-B037-6A73B6EFB251}.Debug|x86.ActiveCfg = Debug|Win32
		{BC9C23C8-C03B-4874-B037-6A73B6EFB251}.Debug|x86.Build.0 = Debug|Win32
		{BC9C23C8-C03B-4874-B037-6A73B6EFB251}.Release|x64.ActiveCfg = Release|x64
		{BC9C23C8-C03B-4874-B037-6A73B6EFB251}.Release|x64.Build.0 = Release|x64
		{BC9C23C8-C03B-4874-B037-6A73B6EFB251}.Release|x86.ActiveCfg = Release|Win32
		{BC9C23C8-C03B-4874-B037-6A73B6EFB251}.Release|x86.Build.0 = Release|Win32
		{329436E3-BAC3-4376-AA98-00590C8ED5B4}.Debug|x64.ActiveCfg = Debug|x64
		{329436E3-BAC3-4376-AA98-00590C8ED5B4}.Debug|x64.Build.0 = Debug|x64
		{329436E3-BAC3-4376-AA98-00590C8ED5B4}.Debug|x86.ActiveCfg = Debug|Win32
		{329436E3-BAC3-4376-AA98-00590C8ED5B4}.Debug|x86.Build.0 = Debug|Win32
		{329436E3-BAC3-4376-AA98-00590C8ED5B4}.Release|x64.ActiveCfg = Release|x64
		{329436E3-BAC3-4376-AA98-00590C8ED5B4}.Release|x64.Build.0 = Release|x64
		{329436E3-BAC3-4376-AA98-00590C8ED5B4}.Release|x86.ActiveCfg = Release|Win32
		{329436E3-BAC3-4376-AA98-00590C8ED5B4}.Release|x86.Build.0 = Release|Win32
		{86D71048-0CDD-4557-ACFB-61174A2257A6}.Debug|x64.ActiveCfg = Debug|x64
		{86D71048-0CDD-4557-ACFB-61174A2257A6}.Debug|x64.Build.0 = Debug|x64
		{86D71048-0CDD-4557-ACFB-61174A2257A6}.Debug|x86.ActiveCfg = Debug|Win32
		{86D71048-0CDD-4557-ACFB-61174A2257A6}.Debug|x86.Build.0 = Debug|Win32
		{86D71048-0CDD-4557-ACFB-61174A2257A6}.Release|x64.ActiveCfg = Release|x64
		{86D71048-0CDD-4557-ACFB-61174A2257A6}.Release|x64.Build.0 = Release|x64
		{86D71048-0CDD-4557-ACFB-61174A2257A6}.Release|x86.ActiveCfg = Release|Win32
		{86D71048-0CDD-4557-ACFB-61174A2257A6}.Release|x86.Build.0 = Release|Win32
		{8C1A1693-F9F0-42D9-8A55-CD745DD9DC4E}.Debug|x64.ActiveCfg = Debug|x64
		{8C1A1693-F9F0-42D9-8A55-CD745DD9DC4E}.Debug|x64.Build.0 = Debug|x64
		{8C1A1693-F9F0-42D9-8A55-CD745DD9DC4E}.Debug|x86.ActiveCfg = Debug|Win32
		{8C1A1693-F9F0-42D9-8A55-CD745DD9DC4E}.Debug|x86.Build.0 = Debug|Win32
		{8C1A1693-F9F0-42D9-8A55-CD745DD9DC4E}.Release|x64.ActiveCfg = Release|x64
		{8C1A1693-F9F0-42D9-8A55-CD745DD9DC4E}.Release|x64.Build.0 = Release|x64
		{8C1A1693-F9F0-42D9-8A55-CD745DD9DC4E}.Release|x86.ActiveCfg = Release|Win32
		{8C1A1693-F9F0-42D9-8A55-CD745DD9DC4E}.Release|x86.Build.0 = Release|Win32
		{4F4B3930-6674-4668-B04D-C2C7E8A5A014}.Debug|x64.ActiveCfg = Debug|x64
		{4F4B3930-6674-4668-B04D-C2C7E8A5A014}.Debug|x64.Build.0 = Debug|x64
		{4F4B3930-6674-4668-B04D-C2C7E8A5A014}.Debug|x86.ActiveCfg = Debug|Win32
		{4F4B3930-6674-4668-B04D-C2C7E8A5A014}.Debug|x86.Build.0 = Debug|Win32
		{4F4B3930-6674-4668-B04D-C2C7E8A5A014}.Release|x64.ActiveCfg = Release|x64
		{4F4B3930-6674-4668-B04D-C2C7E8A5A014}.Release|x64.Build.0 = Release|x64
		{4F4B3930-6674-4668-B04D-C2C7E8A5A014}.Release|x86.ActiveCfg = Release|Win32
		{4F4B3930-6674-4668-B04D-C2C7E8A5A014}.Release|x86.Build.0 = Release|Win32
		{7A1E468F-BDA8-4D2D-9B28-ACA72CFFC3A8}.Debug|x64.ActiveCfg = Debug|x64
		{7A1E468F-BDA8-4D2D-9B28-ACA72CFFC3A8}.Debug|x64.Build.0 = Debug|x64
		{7A1E468F-BDA8-4D2D-9B28-ACA72CFFC3A8}.Debug|x86.ActiveCfg = Debug|Win32
		{7A1E468F-BDA8-4D2D-9B28-ACA72CFFC3A8}.Debug|x86.Build.0 = Debug|Win32
		{7A1E468F-BDA8-4D2D-9B28-ACA72CFFC3A8}.Release|x64.ActiveCfg = Release|x64
		{7A1E468F-BDA8-4D2D-9B28-ACA72CFFC3A8}.Release|x64.Build.0 = Release|x64
		{7A1E468F-BDA8-4D2D-9B28-ACA72CFFC3A8}.Release|x86.ActiveCfg = Release|Win32
		{7A1E468F-BDA8-4D2D-9B28-ACA72CFFC3A8}.Release|x86.Build.0 = Release|Win32
		{6ED81BE5-1A3F-46D9-87D3-217FD38C679B}.Debug|x64.ActiveCfg = Debug|x64
		{6ED81BE5-1A3F-46D9-87D3-217FD38C679B}.Debug|x64.Build.0 = Debug|x64
		{6ED81BE5-1A3F-46D9-87D3-217FD38C679B}.Debug|x86.ActiveCfg = Debug|Win32
		{6ED81BE5-1A3F-46D9-87D3-217FD38C679B}.Debug|x86.Build.0 = Debug|Win32
		{6ED81BE5-1A3F-46D9-87D3-217FD38C679B}.Release|x64.ActiveCfg = Release|x64
		{6ED81BE5-1A3F-46D9-87D3-217FD38C679B}.Release|x64.Build.0 = Release|x64
		{6ED81BE5-1A3F-46D9-87D3-217FD38C679B}.Release|x86.ActiveCfg = Release|Win32
		{6ED81BE5-1A3F-46D9-87D3-217FD38C679B}.Release|x86.Build.0 = Release|Win32
		{EE3BED01-C479-4B8B-BE18-B176A44EC81D}.Debug|x64.ActiveCfg = Debug|x64
		{EE3BED01-C479-4B8B-BE18-B176A44EC81D}.Debug|x64.Build.0 = Debug|x64
		{EE3BED01-C479-4B8B-BE18-B176A44EC81D}.Debug|x86.ActiveCfg = Debug|Win32
		{EE3BED01-C479-4B8B-BE18-B176A44EC81D}.Debug|x86.Build.0 = Debug|Win32
		{EE3BED01-C479-4B8B-BE18-B176A44EC81D}.Release|x64.ActiveCfg = Release|x64
		{EE3BED01-C479-4B8B-BE18-B176A44EC81D}.Release|x64.Build.0 = Release|x64
		{EE3BED01-C479-4B8B-BE18-B176A44EC81D}.Release|x86.ActiveCfg = Release|Win32
		{EE3BED01-C479-4B8B-BE18-B176A44EC81D}.Release|x86.Build.0 = Release|Win32
	EndGlobalSection
	GlobalSection(SolutionProperties) = preSolution
		HideSolutionNode = FALSE
	EndGlobalSection
EndGlobal
